
Microsoft Visual Studio Solution File, Format Version 12.00
# Visual Studio Version 17
VisualStudioVersion = 17.7.34031.279
MinimumVisualStudioVersion = 10.0.40219.1
Project("{2150E333-8FDC-42A3-9474-1A3956D46DE8}") = "Task1", "Task1", "{3616B900-20BF-4467-90B8-92341ED2549D}"
EndProject
Project("{8BC9CEB8-8B4A-11D0-8D11-00A0C91BC942}") = "Task 1.1", "Task 1\Task 1.1\Task 1.1.vcxproj", "{F2B11B64-DE42-49AB-AEE2-20C367BDA6BA}"
EndProject
Project("{8BC9CEB8-8B4A-11D0-8D11-00A0C91BC942}") = "Task 1.2", "Task 1\Task 1.2\Task 1.2.vcxproj", "{75D54B15-1BC2-44A9-A953-8FD180BF31F7}"
EndProject
Project("{8BC9CEB8-8B4A-11D0-8D11-00A0C91BC942}") = "Task 1.3", "Task 1\Task 1.3\Task 1.3.vcxproj", "{BFEA8974-7A91-460F-AF4D-109085391069}"
EndProject
Project("{8BC9CEB8-8B4A-11D0-8D11-00A0C91BC942}") = "Ex 1.1", "Task 1\Ex 1.1\Ex 1.1.vcxproj", "{AED2F705-E85E-4E72-9A96-BD067CFB1403}"
EndProject
Project("{2150E333-8FDC-42A3-9474-1A3956D46DE8}") = "Task2", "Task2", "{0BCD1ECC-E21E-4EBD-AB76-9DFF5898A0B0}"
EndProject
Project("{8BC9CEB8-8B4A-11D0-8D11-00A0C91BC942}") = "Task 2.1.1", "Task 2\Task 2.1\Task 2.1.vcxproj", "{07B7D918-FBD7-4A96-B6A9-D603442FF706}"
EndProject
Project("{8BC9CEB8-8B4A-11D0-8D11-00A0C91BC942}") = "Task 2.1.2", "Task 2\Task 2.2\Task 2.2.vcxproj", "{2B179E7C-291F-4F90-B4CA-664E4570CE6B}"
EndProject
Project("{8BC9CEB8-8B4A-11D0-8D11-00A0C91BC942}") = "Task 2.2.1", "Task 2\Task 2.2.1\Task 2.2.1.vcxproj", "{4191C0E9-3CBE-473D-9FA5-EAA5D15418BC}"
EndProject
Project("{8BC9CEB8-8B4A-11D0-8D11-00A0C91BC942}") = "Task 2.2.2", "Task 2\Task 2.2.2\Task 2.2.2.vcxproj", "{222E2FF0-3AC3-4468-BAD3-071589261AAE}"
EndProject
Project("{8BC9CEB8-8B4A-11D0-8D11-00A0C91BC942}") = "Task 2.2.3", "Task 2\Task 2.2.3\Task 2.2.3.vcxproj", "{A1EA21EE-335C-4663-BD3F-6ADC87A2C82B}"
EndProject
Project("{8BC9CEB8-8B4A-11D0-8D11-00A0C91BC942}") = "Task 2.3", "Task 2\Task 2.3\Task 2.3.vcxproj", "{362C13F0-7B7A-4C46-8F99-7D8ED066AA2E}"
EndProject
Project("{8BC9CEB8-8B4A-11D0-8D11-00A0C91BC942}") = "Task 2.4", "Task 2\Task 2.4\Task 2.4.vcxproj", "{BEB76AFF-CA76-42B0-8F36-1F571A9110F7}"
EndProject
Project("{8BC9CEB8-8B4A-11D0-8D11-00A0C91BC942}") = "Ex 2.1", "Task 2\Ex 2.1\Ex 2.1.vcxproj", "{06AF9CA1-9902-43D8-8C95-6A361270B9C5}"
EndProject
Project("{8BC9CEB8-8B4A-11D0-8D11-00A0C91BC942}") = "Ex 2.2", "Task 2\Ex 2.2\Ex 2.2.vcxproj", "{C1B206DF-EDC8-40D4-9CB6-7A011CB8A516}"
EndProject
Project("{8BC9CEB8-8B4A-11D0-8D11-00A0C91BC942}") = "Ex 2.3", "Task 2\Ex 2.3\Ex 2.3.vcxproj", "{AE243880-44ED-4A52-9D61-05C119825F08}"
EndProject
Project("{8BC9CEB8-8B4A-11D0-8D11-00A0C91BC942}") = "Ex 2.4.1", "Task 2\Ex 2.4.1\Ex 2.4.1.vcxproj", "{B0C24C1F-2B7B-4A75-8BFD-348966A72C11}"
EndProject
Project("{8BC9CEB8-8B4A-11D0-8D11-00A0C91BC942}") = "Ex 2.4.2", "Task 2\Ex 2.4.2\Ex 2.4.2.vcxproj", "{0B14C03F-AEAB-4380-8897-AF9F896B6FD4}"
EndProject
Project("{2150E333-8FDC-42A3-9474-1A3956D46DE8}") = "Task3", "Task3", "{3966A12F-0F6A-4518-972A-A7380B38180B}"
EndProject
Project("{8BC9CEB8-8B4A-11D0-8D11-00A0C91BC942}") = "Task 3.1.1", "Task3\Task 3.1.1\Task 3.1.1.vcxproj", "{F7992910-06DF-4424-96C7-95EEA4B2E538}"
EndProject
Project("{8BC9CEB8-8B4A-11D0-8D11-00A0C91BC942}") = "Task 3.1.2", "Task3\Task 3.1.2\Task 3.1.2.vcxproj", "{B89672F7-2D23-431C-A3EB-EB78F95E49F8}"
EndProject
Project("{8BC9CEB8-8B4A-11D0-8D11-00A0C91BC942}") = "Task 3.2", "Task3\Task 3.2\Task 3.2.vcxproj", "{50887751-ECE2-4115-9B19-01C1DA9EDE57}"
EndProject
Project("{8BC9CEB8-8B4A-11D0-8D11-00A0C91BC942}") = "Task 3.3", "Task3\Task 3.3\Task 3.3.vcxproj", "{3B956BBC-0747-4AF5-8FB5-63D48814FF81}"
EndProject
Project("{8BC9CEB8-8B4A-11D0-8D11-00A0C91BC942}") = "Task 3.4.1", "Task3\Task 3.4.1\Task 3.4.1.vcxproj", "{EF9FB577-181E-45E7-A604-2767B69E6082}"
EndProject
Project("{8BC9CEB8-8B4A-11D0-8D11-00A0C91BC942}") = "Task 3.4.2", "Task3\Task 3.4.2\Task 3.4.2.vcxproj", "{F8BC179B-8257-4C6F-A9CA-E7D5962F6CD6}"
EndProject
Project("{8BC9CEB8-8B4A-11D0-8D11-00A0C91BC942}") = "Ex 3.1", "Task3\Ex 3.1\Ex 3.1.vcxproj", "{CB21C474-49AB-4C71-8E78-5DAC43752E47}"
EndProject
Project("{8BC9CEB8-8B4A-11D0-8D11-00A0C91BC942}") = "Ex 3.2", "Task3\Ex 3.2\Ex 3.2.vcxproj", "{ED8304BC-E100-4624-9D4A-29B2F55C8283}"
EndProject
Project("{8BC9CEB8-8B4A-11D0-8D11-00A0C91BC942}") = "Ex 3.3", "Task3\Ex 3.3\Ex 3.3.vcxproj", "{02CEA56F-1A93-4F76-AF0A-E942778EBB10}"
EndProject
Project("{8BC9CEB8-8B4A-11D0-8D11-00A0C91BC942}") = "Ex 3.4", "Task3\Ex 3.4\Ex 3.4.vcxproj", "{0E4BBDC9-DC55-4E77-8CEF-B212B8AD7BD3}"
EndProject
Project("{8BC9CEB8-8B4A-11D0-8D11-00A0C91BC942}") = "Ex 3.5", "Task3\Ex 3.5\Ex 3.5.vcxproj", "{D8880022-1245-4DBA-8C08-46A4241C0D32}"
EndProject
Project("{2150E333-8FDC-42A3-9474-1A3956D46DE8}") = "Task4", "Task4", "{F99C5097-CA9E-4C7F-BB6C-7B1F682FDA29}"
EndProject
Project("{8BC9CEB8-8B4A-11D0-8D11-00A0C91BC942}") = "Task 4.1", "Task 4\Task 4.1\Task 4.1.vcxproj", "{E5C7F1B1-EA41-4CFC-BB37-151385B03C42}"
EndProject
Project("{8BC9CEB8-8B4A-11D0-8D11-00A0C91BC942}") = "Task 4.2", "Task 4\Task 4.2\Task 4.2.vcxproj", "{F8EDADE2-D96B-4FE3-8186-29E76C508A40}"
EndProject
Project("{8BC9CEB8-8B4A-11D0-8D11-00A0C91BC942}") = "Ex 4.1", "Task 4\Ex 4.1\Ex 4.1.vcxproj", "{28CC4426-FE38-48BB-A9D3-6D213ACCEF78}"
EndProject
Project("{8BC9CEB8-8B4A-11D0-8D11-00A0C91BC942}") = "Ex 4.2", "Task 4\Ex 4.2\Ex 4.2.vcxproj", "{2E1D7190-D047-4F7A-9E32-04F0F98853EB}"
EndProject
Project("{2150E333-8FDC-42A3-9474-1A3956D46DE8}") = "Task5", "Task5", "{8BEAD4FB-A295-4C12-83D8-34DF4E6579A8}"
EndProject
Project("{8BC9CEB8-8B4A-11D0-8D11-00A0C91BC942}") = "Task 5.1", "Task 5\Task 5.1\Task 5.1.vcxproj", "{18060EFD-62E1-45AF-9A32-DDBDAC747A25}"
EndProject
Project("{8BC9CEB8-8B4A-11D0-8D11-00A0C91BC942}") = "Task 5.3.1", "Task 5\Task 5.3\Task 5.3.vcxproj", "{63219A30-61E1-48C1-AE11-EC68FAE3CF19}"
EndProject
Project("{8BC9CEB8-8B4A-11D0-8D11-00A0C91BC942}") = "Task 5.3.2", "Task 5\Task 5.3.2\Task 5.3.2.vcxproj", "{236E47EE-01DF-4734-A537-230D5863AE6B}"
EndProject
Project("{8BC9CEB8-8B4A-11D0-8D11-00A0C91BC942}") = "Task 5.4.1", "Task 5\Task 5.4.1\Task 5.4.1.vcxproj", "{71A094B7-8399-4103-84BE-ED84F42961D3}"
EndProject
Project("{8BC9CEB8-8B4A-11D0-8D11-00A0C91BC942}") = "Task 5.2", "Task 5\Task 5.2\Task 5.2.vcxproj", "{125AA391-1719-4A4C-8744-86BCD817888A}"
EndProject
Project("{8BC9CEB8-8B4A-11D0-8D11-00A0C91BC942}") = "Task 5.5.1", "Task 5\Task 5.5.1\Task 5.5.1.vcxproj", "{04EE146A-4622-48BE-8E6D-EDB2865AC82E}"
EndProject
Project("{8BC9CEB8-8B4A-11D0-8D11-00A0C91BC942}") = "Task 5.5.2", "Task 5\Task 5.5.2\Task 5.5.2.vcxproj", "{74B414FC-75A8-416A-BC91-9A5CD210FA13}"
EndProject
Project("{8BC9CEB8-8B4A-11D0-8D11-00A0C91BC942}") = "Ex 5.1", "Task 5\Ex 5.1\Ex 5.1.vcxproj", "{5516747F-B280-49B4-A18E-3729289345AB}"
EndProject
Project("{8BC9CEB8-8B4A-11D0-8D11-00A0C91BC942}") = "Ex 5.2", "Task 5\Ex 5.2\Ex 5.2.vcxproj", "{B0BF69B3-1A34-4B0F-B2BF-71E834B2FFA8}"
EndProject
Project("{8BC9CEB8-8B4A-11D0-8D11-00A0C91BC942}") = "Ex 5.3", "Task 5\Ex 5.3\Ex 5.3.vcxproj", "{DD5BF740-3BFC-4925-9737-FF63EA9411C9}"
EndProject
Project("{8BC9CEB8-8B4A-11D0-8D11-00A0C91BC942}") = "Ex 5.4", "Task 5\Ex 5.4\Ex 5.4.vcxproj", "{772B6EC6-6221-4067-9593-626BAF6A06C0}"
EndProject
Project("{2150E333-8FDC-42A3-9474-1A3956D46DE8}") = "Task6", "Task6", "{7E2D3CE8-EC77-4C29-BEDA-91BF47B3C47F}"
EndProject
Project("{8BC9CEB8-8B4A-11D0-8D11-00A0C91BC942}") = "Task 6.1", "Task 6\Task 6.1\Task 6.1.vcxproj", "{75F94808-4142-48E3-B7CE-39DE9CD1B699}"
EndProject
Project("{8BC9CEB8-8B4A-11D0-8D11-00A0C91BC942}") = "Ex 6.1", "Task 6\Ex 6.1\Ex 6.1.vcxproj", "{C0378FF0-9C75-42E4-ADC0-3758711C93BE}"
EndProject
Project("{8BC9CEB8-8B4A-11D0-8D11-00A0C91BC942}") = "Ex 6.2", "Task 6\Ex 6.2\Ex 6.2.vcxproj", "{3F748159-1629-4EC8-A536-B3471C770AF0}"
EndProject
Project("{2150E333-8FDC-42A3-9474-1A3956D46DE8}") = "Task7", "Task7", "{D59593A4-583D-401F-B665-83E8720D7AB0}"
EndProject
Project("{8BC9CEB8-8B4A-11D0-8D11-00A0C91BC942}") = "Task 7.1", "Task 7\Task 7.1\Task 7.1.vcxproj", "{26BEDDE0-D5DD-4DE6-9C56-6117AD1ECA73}"
EndProject
Project("{8BC9CEB8-8B4A-11D0-8D11-00A0C91BC942}") = "Task 7.2", "Task 7\Task 7.2\Task 7.2.vcxproj", "{549646E5-7404-4CFE-97DB-39B5F695D716}"
EndProject
Project("{8BC9CEB8-8B4A-11D0-8D11-00A0C91BC942}") = "Task 7.3", "Task 7\Task 7.3\Task 7.3.vcxproj", "{10E6B0DA-6F6B-4039-9D67-17D5111F6A28}"
EndProject
Project("{8BC9CEB8-8B4A-11D0-8D11-00A0C91BC942}") = "Task 7.4", "Task 7\Task 7.4\Task 7.4.vcxproj", "{512958F8-AF8B-4852-BB57-2CC7D6EBBA63}"
EndProject
Project("{8BC9CEB8-8B4A-11D0-8D11-00A0C91BC942}") = "Task 7.5", "Task 7\Task 7.5\Task 7.5.vcxproj", "{F6A85B31-A47C-425D-A434-DF7B51DE69AE}"
EndProject
Project("{8BC9CEB8-8B4A-11D0-8D11-00A0C91BC942}") = "Ex 7.1", "Task 7\Ex 7.1\Ex 7.1.vcxproj", "{F4F12765-4DB8-43AA-A342-19946F155E49}"
EndProject
Project("{8BC9CEB8-8B4A-11D0-8D11-00A0C91BC942}") = "Ex 7.2", "Task 7\Ex 7.2\Ex 7.2.vcxproj", "{90ECCA57-B72A-4559-8048-315413599D19}"
EndProject
Project("{8BC9CEB8-8B4A-11D0-8D11-00A0C91BC942}") = "Ex 7.3", "Task 7\Ex 7.3\Ex 7.3.vcxproj", "{34748A66-2A91-4FFF-8CC1-349F07F67558}"
EndProject
Project("{2150E333-8FDC-42A3-9474-1A3956D46DE8}") = "Task8", "Task8", "{8ECB157C-C697-4DDC-AF1D-9731D23273C9}"
EndProject
Project("{2150E333-8FDC-42A3-9474-1A3956D46DE8}") = "Task 8.1", "Task 8.1", "{5D506352-2A68-4BB9-A7CA-C89AF5DB8239}"
EndProject
Project("{8BC9CEB8-8B4A-11D0-8D11-00A0C91BC942}") = "Student01", "Task 8\Task 8.1\Student01\Student01.vcxproj", "{2D440328-40C5-4651-9734-ABDFDCCDA10E}"
EndProject
Project("{8BC9CEB8-8B4A-11D0-8D11-00A0C91BC942}") = "Task 8.2", "Task 8\Task 8.2\Task 8.2.vcxproj", "{D9BB5674-CD80-4C12-B3C1-DB74601230DC}"
EndProject
Project("{8BC9CEB8-8B4A-11D0-8D11-00A0C91BC942}") = "Task 8.3", "Task 8\Task 8.3\Task 8.3.vcxproj", "{4D162866-6940-4F7D-8A81-3F88BC426536}"
EndProject
Project("{8BC9CEB8-8B4A-11D0-8D11-00A0C91BC942}") = "Task 8.4", "Task 8\Task 8.4\Task 8.4.vcxproj", "{0DD2E88A-9991-4E85-AE46-72EA2A2D6A54}"
EndProject
Project("{8BC9CEB8-8B4A-11D0-8D11-00A0C91BC942}") = "Task 8.5", "Task 8\Task 8.5\Task 8.5.vcxproj", "{FF01E662-8982-4660-89CA-F410476EF176}"
EndProject
Project("{8BC9CEB8-8B4A-11D0-8D11-00A0C91BC942}") = "Ex 8.1", "Task 8\Ex 8.1\Ex 8.1.vcxproj", "{E2FD5E6E-2106-4BE4-A6A0-47725E37E5E6}"
EndProject
Global
	GlobalSection(SolutionConfigurationPlatforms) = preSolution
		Debug|x64 = Debug|x64
		Debug|x86 = Debug|x86
		Release|x64 = Release|x64
		Release|x86 = Release|x86
	EndGlobalSection
	GlobalSection(ProjectConfigurationPlatforms) = postSolution
		{F2B11B64-DE42-49AB-AEE2-20C367BDA6BA}.Debug|x64.ActiveCfg = Debug|x64
		{F2B11B64-DE42-49AB-AEE2-20C367BDA6BA}.Debug|x64.Build.0 = Debug|x64
		{F2B11B64-DE42-49AB-AEE2-20C367BDA6BA}.Debug|x86.ActiveCfg = Debug|Win32
		{F2B11B64-DE42-49AB-AEE2-20C367BDA6BA}.Debug|x86.Build.0 = Debug|Win32
		{F2B11B64-DE42-49AB-AEE2-20C367BDA6BA}.Release|x64.ActiveCfg = Release|x64
		{F2B11B64-DE42-49AB-AEE2-20C367BDA6BA}.Release|x64.Build.0 = Release|x64
		{F2B11B64-DE42-49AB-AEE2-20C367BDA6BA}.Release|x86.ActiveCfg = Release|Win32
		{F2B11B64-DE42-49AB-AEE2-20C367BDA6BA}.Release|x86.Build.0 = Release|Win32
		{75D54B15-1BC2-44A9-A953-8FD180BF31F7}.Debug|x64.ActiveCfg = Debug|x64
		{75D54B15-1BC2-44A9-A953-8FD180BF31F7}.Debug|x64.Build.0 = Debug|x64
		{75D54B15-1BC2-44A9-A953-8FD180BF31F7}.Debug|x86.ActiveCfg = Debug|Win32
		{75D54B15-1BC2-44A9-A953-8FD180BF31F7}.Debug|x86.Build.0 = Debug|Win32
		{75D54B15-1BC2-44A9-A953-8FD180BF31F7}.Release|x64.ActiveCfg = Release|x64
		{75D54B15-1BC2-44A9-A953-8FD180BF31F7}.Release|x64.Build.0 = Release|x64
		{75D54B15-1BC2-44A9-A953-8FD180BF31F7}.Release|x86.ActiveCfg = Release|Win32
		{75D54B15-1BC2-44A9-A953-8FD180BF31F7}.Release|x86.Build.0 = Release|Win32
		{BFEA8974-7A91-460F-AF4D-109085391069}.Debug|x64.ActiveCfg = Debug|x64
		{BFEA8974-7A91-460F-AF4D-109085391069}.Debug|x64.Build.0 = Debug|x64
		{BFEA8974-7A91-460F-AF4D-109085391069}.Debug|x86.ActiveCfg = Debug|Win32
		{BFEA8974-7A91-460F-AF4D-109085391069}.Debug|x86.Build.0 = Debug|Win32
		{BFEA8974-7A91-460F-AF4D-109085391069}.Release|x64.ActiveCfg = Release|x64
		{BFEA8974-7A91-460F-AF4D-109085391069}.Release|x64.Build.0 = Release|x64
		{BFEA8974-7A91-460F-AF4D-109085391069}.Release|x86.ActiveCfg = Release|Win32
		{BFEA8974-7A91-460F-AF4D-109085391069}.Release|x86.Build.0 = Release|Win32
		{AED2F705-E85E-4E72-9A96-BD067CFB1403}.Debug|x64.ActiveCfg = Debug|x64
		{AED2F705-E85E-4E72-9A96-BD067CFB1403}.Debug|x64.Build.0 = Debug|x64
		{AED2F705-E85E-4E72-9A96-BD067CFB1403}.Debug|x86.ActiveCfg = Debug|Win32
		{AED2F705-E85E-4E72-9A96-BD067CFB1403}.Debug|x86.Build.0 = Debug|Win32
		{AED2F705-E85E-4E72-9A96-BD067CFB1403}.Release|x64.ActiveCfg = Release|x64
		{AED2F705-E85E-4E72-9A96-BD067CFB1403}.Release|x64.Build.0 = Release|x64
		{AED2F705-E85E-4E72-9A96-BD067CFB1403}.Release|x86.ActiveCfg = Release|Win32
		{AED2F705-E85E-4E72-9A96-BD067CFB1403}.Release|x86.Build.0 = Release|Win32
		{07B7D918-FBD7-4A96-B6A9-D603442FF706}.Debug|x64.ActiveCfg = Debug|x64
		{07B7D918-FBD7-4A96-B6A9-D603442FF706}.Debug|x64.Build.0 = Debug|x64
		{07B7D918-FBD7-4A96-B6A9-D603442FF706}.Debug|x86.ActiveCfg = Debug|Win32
		{07B7D918-FBD7-4A96-B6A9-D603442FF706}.Debug|x86.Build.0 = Debug|Win32
		{07B7D918-FBD7-4A96-B6A9-D603442FF706}.Release|x64.ActiveCfg = Release|x64
		{07B7D918-FBD7-4A96-B6A9-D603442FF706}.Release|x64.Build.0 = Release|x64
		{07B7D918-FBD7-4A96-B6A9-D603442FF706}.Release|x86.ActiveCfg = Release|Win32
		{07B7D918-FBD7-4A96-B6A9-D603442FF706}.Release|x86.Build.0 = Release|Win32
		{2B179E7C-291F-4F90-B4CA-664E4570CE6B}.Debug|x64.ActiveCfg = Debug|x64
		{2B179E7C-291F-4F90-B4CA-664E4570CE6B}.Debug|x64.Build.0 = Debug|x64
		{2B179E7C-291F-4F90-B4CA-664E4570CE6B}.Debug|x86.ActiveCfg = Debug|Win32
		{2B179E7C-291F-4F90-B4CA-664E4570CE6B}.Debug|x86.Build.0 = Debug|Win32
		{2B179E7C-291F-4F90-B4CA-664E4570CE6B}.Release|x64.ActiveCfg = Release|x64
		{2B179E7C-291F-4F90-B4CA-664E4570CE6B}.Release|x64.Build.0 = Release|x64
		{2B179E7C-291F-4F90-B4CA-664E4570CE6B}.Release|x86.ActiveCfg = Release|Win32
		{2B179E7C-291F-4F90-B4CA-664E4570CE6B}.Release|x86.Build.0 = Release|Win32
		{4191C0E9-3CBE-473D-9FA5-EAA5D15418BC}.Debug|x64.ActiveCfg = Debug|x64
		{4191C0E9-3CBE-473D-9FA5-EAA5D15418BC}.Debug|x64.Build.0 = Debug|x64
		{4191C0E9-3CBE-473D-9FA5-EAA5D15418BC}.Debug|x86.ActiveCfg = Debug|Win32
		{4191C0E9-3CBE-473D-9FA5-EAA5D15418BC}.Debug|x86.Build.0 = Debug|Win32
		{4191C0E9-3CBE-473D-9FA5-EAA5D15418BC}.Release|x64.ActiveCfg = Release|x64
		{4191C0E9-3CBE-473D-9FA5-EAA5D15418BC}.Release|x64.Build.0 = Release|x64
		{4191C0E9-3CBE-473D-9FA5-EAA5D15418BC}.Release|x86.ActiveCfg = Release|Win32
		{4191C0E9-3CBE-473D-9FA5-EAA5D15418BC}.Release|x86.Build.0 = Release|Win32
		{222E2FF0-3AC3-4468-BAD3-071589261AAE}.Debug|x64.ActiveCfg = Debug|x64
		{222E2FF0-3AC3-4468-BAD3-071589261AAE}.Debug|x64.Build.0 = Debug|x64
		{222E2FF0-3AC3-4468-BAD3-071589261AAE}.Debug|x86.ActiveCfg = Debug|Win32
		{222E2FF0-3AC3-4468-BAD3-071589261AAE}.Debug|x86.Build.0 = Debug|Win32
		{222E2FF0-3AC3-4468-BAD3-071589261AAE}.Release|x64.ActiveCfg = Release|x64
		{222E2FF0-3AC3-4468-BAD3-071589261AAE}.Release|x64.Build.0 = Release|x64
		{222E2FF0-3AC3-4468-BAD3-071589261AAE}.Release|x86.ActiveCfg = Release|Win32
		{222E2FF0-3AC3-4468-BAD3-071589261AAE}.Release|x86.Build.0 = Release|Win32
		{A1EA21EE-335C-4663-BD3F-6ADC87A2C82B}.Debug|x64.ActiveCfg = Debug|x64
		{A1EA21EE-335C-4663-BD3F-6ADC87A2C82B}.Debug|x64.Build.0 = Debug|x64
		{A1EA21EE-335C-4663-BD3F-6ADC87A2C82B}.Debug|x86.ActiveCfg = Debug|Win32
		{A1EA21EE-335C-4663-BD3F-6ADC87A2C82B}.Debug|x86.Build.0 = Debug|Win32
		{A1EA21EE-335C-4663-BD3F-6ADC87A2C82B}.Release|x64.ActiveCfg = Release|x64
		{A1EA21EE-335C-4663-BD3F-6ADC87A2C82B}.Release|x64.Build.0 = Release|x64
		{A1EA21EE-335C-4663-BD3F-6ADC87A2C82B}.Release|x86.ActiveCfg = Release|Win32
		{A1EA21EE-335C-4663-BD3F-6ADC87A2C82B}.Release|x86.Build.0 = Release|Win32
		{362C13F0-7B7A-4C46-8F99-7D8ED066AA2E}.Debug|x64.ActiveCfg = Debug|x64
		{362C13F0-7B7A-4C46-8F99-7D8ED066AA2E}.Debug|x64.Build.0 = Debug|x64
		{362C13F0-7B7A-4C46-8F99-7D8ED066AA2E}.Debug|x86.ActiveCfg = Debug|Win32
		{362C13F0-7B7A-4C46-8F99-7D8ED066AA2E}.Debug|x86.Build.0 = Debug|Win32
		{362C13F0-7B7A-4C46-8F99-7D8ED066AA2E}.Release|x64.ActiveCfg = Release|x64
		{362C13F0-7B7A-4C46-8F99-7D8ED066AA2E}.Release|x64.Build.0 = Release|x64
		{362C13F0-7B7A-4C46-8F99-7D8ED066AA2E}.Release|x86.ActiveCfg = Release|Win32
		{362C13F0-7B7A-4C46-8F99-7D8ED066AA2E}.Release|x86.Build.0 = Release|Win32
		{BEB76AFF-CA76-42B0-8F36-1F571A9110F7}.Debug|x64.ActiveCfg = Debug|x64
		{BEB76AFF-CA76-42B0-8F36-1F571A9110F7}.Debug|x64.Build.0 = Debug|x64
		{BEB76AFF-CA76-42B0-8F36-1F571A9110F7}.Debug|x86.ActiveCfg = Debug|Win32
		{BEB76AFF-CA76-42B0-8F36-1F571A9110F7}.Debug|x86.Build.0 = Debug|Win32
		{BEB76AFF-CA76-42B0-8F36-1F571A9110F7}.Release|x64.ActiveCfg = Release|x64
		{BEB76AFF-CA76-42B0-8F36-1F571A9110F7}.Release|x64.Build.0 = Release|x64
		{BEB76AFF-CA76-42B0-8F36-1F571A9110F7}.Release|x86.ActiveCfg = Release|Win32
		{BEB76AFF-CA76-42B0-8F36-1F571A9110F7}.Release|x86.Build.0 = Release|Win32
		{06AF9CA1-9902-43D8-8C95-6A361270B9C5}.Debug|x64.ActiveCfg = Debug|x64
		{06AF9CA1-9902-43D8-8C95-6A361270B9C5}.Debug|x64.Build.0 = Debug|x64
		{06AF9CA1-9902-43D8-8C95-6A361270B9C5}.Debug|x86.ActiveCfg = Debug|Win32
		{06AF9CA1-9902-43D8-8C95-6A361270B9C5}.Debug|x86.Build.0 = Debug|Win32
		{06AF9CA1-9902-43D8-8C95-6A361270B9C5}.Release|x64.ActiveCfg = Release|x64
		{06AF9CA1-9902-43D8-8C95-6A361270B9C5}.Release|x64.Build.0 = Release|x64
		{06AF9CA1-9902-43D8-8C95-6A361270B9C5}.Release|x86.ActiveCfg = Release|Win32
		{06AF9CA1-9902-43D8-8C95-6A361270B9C5}.Release|x86.Build.0 = Release|Win32
		{C1B206DF-EDC8-40D4-9CB6-7A011CB8A516}.Debug|x64.ActiveCfg = Debug|x64
		{C1B206DF-EDC8-40D4-9CB6-7A011CB8A516}.Debug|x64.Build.0 = Debug|x64
		{C1B206DF-EDC8-40D4-9CB6-7A011CB8A516}.Debug|x86.ActiveCfg = Debug|Win32
		{C1B206DF-EDC8-40D4-9CB6-7A011CB8A516}.Debug|x86.Build.0 = Debug|Win32
		{C1B206DF-EDC8-40D4-9CB6-7A011CB8A516}.Release|x64.ActiveCfg = Release|x64
		{C1B206DF-EDC8-40D4-9CB6-7A011CB8A516}.Release|x64.Build.0 = Release|x64
		{C1B206DF-EDC8-40D4-9CB6-7A011CB8A516}.Release|x86.ActiveCfg = Release|Win32
		{C1B206DF-EDC8-40D4-9CB6-7A011CB8A516}.Release|x86.Build.0 = Release|Win32
		{AE243880-44ED-4A52-9D61-05C119825F08}.Debug|x64.ActiveCfg = Debug|x64
		{AE243880-44ED-4A52-9D61-05C119825F08}.Debug|x64.Build.0 = Debug|x64
		{AE243880-44ED-4A52-9D61-05C119825F08}.Debug|x86.ActiveCfg = Debug|Win32
		{AE243880-44ED-4A52-9D61-05C119825F08}.Debug|x86.Build.0 = Debug|Win32
		{AE243880-44ED-4A52-9D61-05C119825F08}.Release|x64.ActiveCfg = Release|x64
		{AE243880-44ED-4A52-9D61-05C119825F08}.Release|x64.Build.0 = Release|x64
		{AE243880-44ED-4A52-9D61-05C119825F08}.Release|x86.ActiveCfg = Release|Win32
		{AE243880-44ED-4A52-9D61-05C119825F08}.Release|x86.Build.0 = Release|Win32
		{B0C24C1F-2B7B-4A75-8BFD-348966A72C11}.Debug|x64.ActiveCfg = Debug|x64
		{B0C24C1F-2B7B-4A75-8BFD-348966A72C11}.Debug|x64.Build.0 = Debug|x64
		{B0C24C1F-2B7B-4A75-8BFD-348966A72C11}.Debug|x86.ActiveCfg = Debug|Win32
		{B0C24C1F-2B7B-4A75-8BFD-348966A72C11}.Debug|x86.Build.0 = Debug|Win32
		{B0C24C1F-2B7B-4A75-8BFD-348966A72C11}.Release|x64.ActiveCfg = Release|x64
		{B0C24C1F-2B7B-4A75-8BFD-348966A72C11}.Release|x64.Build.0 = Release|x64
		{B0C24C1F-2B7B-4A75-8BFD-348966A72C11}.Release|x86.ActiveCfg = Release|Win32
		{B0C24C1F-2B7B-4A75-8BFD-348966A72C11}.Release|x86.Build.0 = Release|Win32
		{0B14C03F-AEAB-4380-8897-AF9F896B6FD4}.Debug|x64.ActiveCfg = Debug|x64
		{0B14C03F-AEAB-4380-8897-AF9F896B6FD4}.Debug|x64.Build.0 = Debug|x64
		{0B14C03F-AEAB-4380-8897-AF9F896B6FD4}.Debug|x86.ActiveCfg = Debug|Win32
		{0B14C03F-AEAB-4380-8897-AF9F896B6FD4}.Debug|x86.Build.0 = Debug|Win32
		{0B14C03F-AEAB-4380-8897-AF9F896B6FD4}.Release|x64.ActiveCfg = Release|x64
		{0B14C03F-AEAB-4380-8897-AF9F896B6FD4}.Release|x64.Build.0 = Release|x64
		{0B14C03F-AEAB-4380-8897-AF9F896B6FD4}.Release|x86.ActiveCfg = Release|Win32
		{0B14C03F-AEAB-4380-8897-AF9F896B6FD4}.Release|x86.Build.0 = Release|Win32
		{F7992910-06DF-4424-96C7-95EEA4B2E538}.Debug|x64.ActiveCfg = Debug|x64
		{F7992910-06DF-4424-96C7-95EEA4B2E538}.Debug|x64.Build.0 = Debug|x64
		{F7992910-06DF-4424-96C7-95EEA4B2E538}.Debug|x86.ActiveCfg = Debug|Win32
		{F7992910-06DF-4424-96C7-95EEA4B2E538}.Debug|x86.Build.0 = Debug|Win32
		{F7992910-06DF-4424-96C7-95EEA4B2E538}.Release|x64.ActiveCfg = Release|x64
		{F7992910-06DF-4424-96C7-95EEA4B2E538}.Release|x64.Build.0 = Release|x64
		{F7992910-06DF-4424-96C7-95EEA4B2E538}.Release|x86.ActiveCfg = Release|Win32
		{F7992910-06DF-4424-96C7-95EEA4B2E538}.Release|x86.Build.0 = Release|Win32
		{B89672F7-2D23-431C-A3EB-EB78F95E49F8}.Debug|x64.ActiveCfg = Debug|x64
		{B89672F7-2D23-431C-A3EB-EB78F95E49F8}.Debug|x64.Build.0 = Debug|x64
		{B89672F7-2D23-431C-A3EB-EB78F95E49F8}.Debug|x86.ActiveCfg = Debug|Win32
		{B89672F7-2D23-431C-A3EB-EB78F95E49F8}.Debug|x86.Build.0 = Debug|Win32
		{B89672F7-2D23-431C-A3EB-EB78F95E49F8}.Release|x64.ActiveCfg = Release|x64
		{B89672F7-2D23-431C-A3EB-EB78F95E49F8}.Release|x64.Build.0 = Release|x64
		{B89672F7-2D23-431C-A3EB-EB78F95E49F8}.Release|x86.ActiveCfg = Release|Win32
		{B89672F7-2D23-431C-A3EB-EB78F95E49F8}.Release|x86.Build.0 = Release|Win32
		{50887751-ECE2-4115-9B19-01C1DA9EDE57}.Debug|x64.ActiveCfg = Debug|x64
		{50887751-ECE2-4115-9B19-01C1DA9EDE57}.Debug|x64.Build.0 = Debug|x64
		{50887751-ECE2-4115-9B19-01C1DA9EDE57}.Debug|x86.ActiveCfg = Debug|Win32
		{50887751-ECE2-4115-9B19-01C1DA9EDE57}.Debug|x86.Build.0 = Debug|Win32
		{50887751-ECE2-4115-9B19-01C1DA9EDE57}.Release|x64.ActiveCfg = Release|x64
		{50887751-ECE2-4115-9B19-01C1DA9EDE57}.Release|x64.Build.0 = Release|x64
		{50887751-ECE2-4115-9B19-01C1DA9EDE57}.Release|x86.ActiveCfg = Release|Win32
		{50887751-ECE2-4115-9B19-01C1DA9EDE57}.Release|x86.Build.0 = Release|Win32
		{3B956BBC-0747-4AF5-8FB5-63D48814FF81}.Debug|x64.ActiveCfg = Debug|x64
		{3B956BBC-0747-4AF5-8FB5-63D48814FF81}.Debug|x64.Build.0 = Debug|x64
		{3B956BBC-0747-4AF5-8FB5-63D48814FF81}.Debug|x86.ActiveCfg = Debug|Win32
		{3B956BBC-0747-4AF5-8FB5-63D48814FF81}.Debug|x86.Build.0 = Debug|Win32
		{3B956BBC-0747-4AF5-8FB5-63D48814FF81}.Release|x64.ActiveCfg = Release|x64
		{3B956BBC-0747-4AF5-8FB5-63D48814FF81}.Release|x64.Build.0 = Release|x64
		{3B956BBC-0747-4AF5-8FB5-63D48814FF81}.Release|x86.ActiveCfg = Release|Win32
		{3B956BBC-0747-4AF5-8FB5-63D48814FF81}.Release|x86.Build.0 = Release|Win32
		{EF9FB577-181E-45E7-A604-2767B69E6082}.Debug|x64.ActiveCfg = Debug|x64
		{EF9FB577-181E-45E7-A604-2767B69E6082}.Debug|x64.Build.0 = Debug|x64
		{EF9FB577-181E-45E7-A604-2767B69E6082}.Debug|x86.ActiveCfg = Debug|Win32
		{EF9FB577-181E-45E7-A604-2767B69E6082}.Debug|x86.Build.0 = Debug|Win32
		{EF9FB577-181E-45E7-A604-2767B69E6082}.Release|x64.ActiveCfg = Release|x64
		{EF9FB577-181E-45E7-A604-2767B69E6082}.Release|x64.Build.0 = Release|x64
		{EF9FB577-181E-45E7-A604-2767B69E6082}.Release|x86.ActiveCfg = Release|Win32
		{EF9FB577-181E-45E7-A604-2767B69E6082}.Release|x86.Build.0 = Release|Win32
		{F8BC179B-8257-4C6F-A9CA-E7D5962F6CD6}.Debug|x64.ActiveCfg = Debug|x64
		{F8BC179B-8257-4C6F-A9CA-E7D5962F6CD6}.Debug|x64.Build.0 = Debug|x64
		{F8BC179B-8257-4C6F-A9CA-E7D5962F6CD6}.Debug|x86.ActiveCfg = Debug|Win32
		{F8BC179B-8257-4C6F-A9CA-E7D5962F6CD6}.Debug|x86.Build.0 = Debug|Win32
		{F8BC179B-8257-4C6F-A9CA-E7D5962F6CD6}.Release|x64.ActiveCfg = Release|x64
		{F8BC179B-8257-4C6F-A9CA-E7D5962F6CD6}.Release|x64.Build.0 = Release|x64
		{F8BC179B-8257-4C6F-A9CA-E7D5962F6CD6}.Release|x86.ActiveCfg = Release|Win32
		{F8BC179B-8257-4C6F-A9CA-E7D5962F6CD6}.Release|x86.Build.0 = Release|Win32
		{CB21C474-49AB-4C71-8E78-5DAC43752E47}.Debug|x64.ActiveCfg = Debug|x64
		{CB21C474-49AB-4C71-8E78-5DAC43752E47}.Debug|x64.Build.0 = Debug|x64
		{CB21C474-49AB-4C71-8E78-5DAC43752E47}.Debug|x86.ActiveCfg = Debug|Win32
		{CB21C474-49AB-4C71-8E78-5DAC43752E47}.Debug|x86.Build.0 = Debug|Win32
		{CB21C474-49AB-4C71-8E78-5DAC43752E47}.Release|x64.ActiveCfg = Release|x64
		{CB21C474-49AB-4C71-8E78-5DAC43752E47}.Release|x64.Build.0 = Release|x64
		{CB21C474-49AB-4C71-8E78-5DAC43752E47}.Release|x86.ActiveCfg = Release|Win32
		{CB21C474-49AB-4C71-8E78-5DAC43752E47}.Release|x86.Build.0 = Release|Win32
		{ED8304BC-E100-4624-9D4A-29B2F55C8283}.Debug|x64.ActiveCfg = Debug|x64
		{ED8304BC-E100-4624-9D4A-29B2F55C8283}.Debug|x64.Build.0 = Debug|x64
		{ED8304BC-E100-4624-9D4A-29B2F55C8283}.Debug|x86.ActiveCfg = Debug|Win32
		{ED8304BC-E100-4624-9D4A-29B2F55C8283}.Debug|x86.Build.0 = Debug|Win32
		{ED8304BC-E100-4624-9D4A-29B2F55C8283}.Release|x64.ActiveCfg = Release|x64
		{ED8304BC-E100-4624-9D4A-29B2F55C8283}.Release|x64.Build.0 = Release|x64
		{ED8304BC-E100-4624-9D4A-29B2F55C8283}.Release|x86.ActiveCfg = Release|Win32
		{ED8304BC-E100-4624-9D4A-29B2F55C8283}.Release|x86.Build.0 = Release|Win32
		{02CEA56F-1A93-4F76-AF0A-E942778EBB10}.Debug|x64.ActiveCfg = Debug|x64
		{02CEA56F-1A93-4F76-AF0A-E942778EBB10}.Debug|x64.Build.0 = Debug|x64
		{02CEA56F-1A93-4F76-AF0A-E942778EBB10}.Debug|x86.ActiveCfg = Debug|Win32
		{02CEA56F-1A93-4F76-AF0A-E942778EBB10}.Debug|x86.Build.0 = Debug|Win32
		{02CEA56F-1A93-4F76-AF0A-E942778EBB10}.Release|x64.ActiveCfg = Release|x64
		{02CEA56F-1A93-4F76-AF0A-E942778EBB10}.Release|x64.Build.0 = Release|x64
		{02CEA56F-1A93-4F76-AF0A-E942778EBB10}.Release|x86.ActiveCfg = Release|Win32
		{02CEA56F-1A93-4F76-AF0A-E942778EBB10}.Release|x86.Build.0 = Release|Win32
		{0E4BBDC9-DC55-4E77-8CEF-B212B8AD7BD3}.Debug|x64.ActiveCfg = Debug|x64
		{0E4BBDC9-DC55-4E77-8CEF-B212B8AD7BD3}.Debug|x64.Build.0 = Debug|x64
		{0E4BBDC9-DC55-4E77-8CEF-B212B8AD7BD3}.Debug|x86.ActiveCfg = Debug|Win32
		{0E4BBDC9-DC55-4E77-8CEF-B212B8AD7BD3}.Debug|x86.Build.0 = Debug|Win32
		{0E4BBDC9-DC55-4E77-8CEF-B212B8AD7BD3}.Release|x64.ActiveCfg = Release|x64
		{0E4BBDC9-DC55-4E77-8CEF-B212B8AD7BD3}.Release|x64.Build.0 = Release|x64
		{0E4BBDC9-DC55-4E77-8CEF-B212B8AD7BD3}.Release|x86.ActiveCfg = Release|Win32
		{0E4BBDC9-DC55-4E77-8CEF-B212B8AD7BD3}.Release|x86.Build.0 = Release|Win32
		{D8880022-1245-4DBA-8C08-46A4241C0D32}.Debug|x64.ActiveCfg = Debug|x64
		{D8880022-1245-4DBA-8C08-46A4241C0D32}.Debug|x64.Build.0 = Debug|x64
		{D8880022-1245-4DBA-8C08-46A4241C0D32}.Debug|x86.ActiveCfg = Debug|Win32
		{D8880022-1245-4DBA-8C08-46A4241C0D32}.Debug|x86.Build.0 = Debug|Win32
		{D8880022-1245-4DBA-8C08-46A4241C0D32}.Release|x64.ActiveCfg = Release|x64
		{D8880022-1245-4DBA-8C08-46A4241C0D32}.Release|x64.Build.0 = Release|x64
		{D8880022-1245-4DBA-8C08-46A4241C0D32}.Release|x86.ActiveCfg = Release|Win32
		{D8880022-1245-4DBA-8C08-46A4241C0D32}.Release|x86.Build.0 = Release|Win32
		{E5C7F1B1-EA41-4CFC-BB37-151385B03C42}.Debug|x64.ActiveCfg = Debug|x64
		{E5C7F1B1-EA41-4CFC-BB37-151385B03C42}.Debug|x64.Build.0 = Debug|x64
		{E5C7F1B1-EA41-4CFC-BB37-151385B03C42}.Debug|x86.ActiveCfg = Debug|Win32
		{E5C7F1B1-EA41-4CFC-BB37-151385B03C42}.Debug|x86.Build.0 = Debug|Win32
		{E5C7F1B1-EA41-4CFC-BB37-151385B03C42}.Release|x64.ActiveCfg = Release|x64
		{E5C7F1B1-EA41-4CFC-BB37-151385B03C42}.Release|x64.Build.0 = Release|x64
		{E5C7F1B1-EA41-4CFC-BB37-151385B03C42}.Release|x86.ActiveCfg = Release|Win32
		{E5C7F1B1-EA41-4CFC-BB37-151385B03C42}.Release|x86.Build.0 = Release|Win32
		{F8EDADE2-D96B-4FE3-8186-29E76C508A40}.Debug|x64.ActiveCfg = Debug|x64
		{F8EDADE2-D96B-4FE3-8186-29E76C508A40}.Debug|x64.Build.0 = Debug|x64
		{F8EDADE2-D96B-4FE3-8186-29E76C508A40}.Debug|x86.ActiveCfg = Debug|Win32
		{F8EDADE2-D96B-4FE3-8186-29E76C508A40}.Debug|x86.Build.0 = Debug|Win32
		{F8EDADE2-D96B-4FE3-8186-29E76C508A40}.Release|x64.ActiveCfg = Release|x64
		{F8EDADE2-D96B-4FE3-8186-29E76C508A40}.Release|x64.Build.0 = Release|x64
		{F8EDADE2-D96B-4FE3-8186-29E76C508A40}.Release|x86.ActiveCfg = Release|Win32
		{F8EDADE2-D96B-4FE3-8186-29E76C508A40}.Release|x86.Build.0 = Release|Win32
		{28CC4426-FE38-48BB-A9D3-6D213ACCEF78}.Debug|x64.ActiveCfg = Debug|x64
		{28CC4426-FE38-48BB-A9D3-6D213ACCEF78}.Debug|x64.Build.0 = Debug|x64
		{28CC4426-FE38-48BB-A9D3-6D213ACCEF78}.Debug|x86.ActiveCfg = Debug|Win32
		{28CC4426-FE38-48BB-A9D3-6D213ACCEF78}.Debug|x86.Build.0 = Debug|Win32
		{28CC4426-FE38-48BB-A9D3-6D213ACCEF78}.Release|x64.ActiveCfg = Release|x64
		{28CC4426-FE38-48BB-A9D3-6D213ACCEF78}.Release|x64.Build.0 = Release|x64
		{28CC4426-FE38-48BB-A9D3-6D213ACCEF78}.Release|x86.ActiveCfg = Release|Win32
		{28CC4426-FE38-48BB-A9D3-6D213ACCEF78}.Release|x86.Build.0 = Release|Win32
		{2E1D7190-D047-4F7A-9E32-04F0F98853EB}.Debug|x64.ActiveCfg = Debug|x64
		{2E1D7190-D047-4F7A-9E32-04F0F98853EB}.Debug|x64.Build.0 = Debug|x64
		{2E1D7190-D047-4F7A-9E32-04F0F98853EB}.Debug|x86.ActiveCfg = Debug|Win32
		{2E1D7190-D047-4F7A-9E32-04F0F98853EB}.Debug|x86.Build.0 = Debug|Win32
		{2E1D7190-D047-4F7A-9E32-04F0F98853EB}.Release|x64.ActiveCfg = Release|x64
		{2E1D7190-D047-4F7A-9E32-04F0F98853EB}.Release|x64.Build.0 = Release|x64
		{2E1D7190-D047-4F7A-9E32-04F0F98853EB}.Release|x86.ActiveCfg = Release|Win32
		{2E1D7190-D047-4F7A-9E32-04F0F98853EB}.Release|x86.Build.0 = Release|Win32
		{18060EFD-62E1-45AF-9A32-DDBDAC747A25}.Debug|x64.ActiveCfg = Debug|x64
		{18060EFD-62E1-45AF-9A32-DDBDAC747A25}.Debug|x64.Build.0 = Debug|x64
		{18060EFD-62E1-45AF-9A32-DDBDAC747A25}.Debug|x86.ActiveCfg = Debug|Win32
		{18060EFD-62E1-45AF-9A32-DDBDAC747A25}.Debug|x86.Build.0 = Debug|Win32
		{18060EFD-62E1-45AF-9A32-DDBDAC747A25}.Release|x64.ActiveCfg = Release|x64
		{18060EFD-62E1-45AF-9A32-DDBDAC747A25}.Release|x64.Build.0 = Release|x64
		{18060EFD-62E1-45AF-9A32-DDBDAC747A25}.Release|x86.ActiveCfg = Release|Win32
		{18060EFD-62E1-45AF-9A32-DDBDAC747A25}.Release|x86.Build.0 = Release|Win32
		{63219A30-61E1-48C1-AE11-EC68FAE3CF19}.Debug|x64.ActiveCfg = Debug|x64
		{63219A30-61E1-48C1-AE11-EC68FAE3CF19}.Debug|x64.Build.0 = Debug|x64
		{63219A30-61E1-48C1-AE11-EC68FAE3CF19}.Debug|x86.ActiveCfg = Debug|Win32
		{63219A30-61E1-48C1-AE11-EC68FAE3CF19}.Debug|x86.Build.0 = Debug|Win32
		{63219A30-61E1-48C1-AE11-EC68FAE3CF19}.Release|x64.ActiveCfg = Release|x64
		{63219A30-61E1-48C1-AE11-EC68FAE3CF19}.Release|x64.Build.0 = Release|x64
		{63219A30-61E1-48C1-AE11-EC68FAE3CF19}.Release|x86.ActiveCfg = Release|Win32
		{63219A30-61E1-48C1-AE11-EC68FAE3CF19}.Release|x86.Build.0 = Release|Win32
		{236E47EE-01DF-4734-A537-230D5863AE6B}.Debug|x64.ActiveCfg = Debug|x64
		{236E47EE-01DF-4734-A537-230D5863AE6B}.Debug|x64.Build.0 = Debug|x64
		{236E47EE-01DF-4734-A537-230D5863AE6B}.Debug|x86.ActiveCfg = Debug|Win32
		{236E47EE-01DF-4734-A537-230D5863AE6B}.Debug|x86.Build.0 = Debug|Win32
		{236E47EE-01DF-4734-A537-230D5863AE6B}.Release|x64.ActiveCfg = Release|x64
		{236E47EE-01DF-4734-A537-230D5863AE6B}.Release|x64.Build.0 = Release|x64
		{236E47EE-01DF-4734-A537-230D5863AE6B}.Release|x86.ActiveCfg = Release|Win32
		{236E47EE-01DF-4734-A537-230D5863AE6B}.Release|x86.Build.0 = Release|Win32
		{71A094B7-8399-4103-84BE-ED84F42961D3}.Debug|x64.ActiveCfg = Debug|x64
		{71A094B7-8399-4103-84BE-ED84F42961D3}.Debug|x64.Build.0 = Debug|x64
		{71A094B7-8399-4103-84BE-ED84F42961D3}.Debug|x86.ActiveCfg = Debug|Win32
		{71A094B7-8399-4103-84BE-ED84F42961D3}.Debug|x86.Build.0 = Debug|Win32
		{71A094B7-8399-4103-84BE-ED84F42961D3}.Release|x64.ActiveCfg = Release|x64
		{71A094B7-8399-4103-84BE-ED84F42961D3}.Release|x64.Build.0 = Release|x64
		{71A094B7-8399-4103-84BE-ED84F42961D3}.Release|x86.ActiveCfg = Release|Win32
		{71A094B7-8399-4103-84BE-ED84F42961D3}.Release|x86.Build.0 = Release|Win32
		{125AA391-1719-4A4C-8744-86BCD817888A}.Debug|x64.ActiveCfg = Debug|x64
		{125AA391-1719-4A4C-8744-86BCD817888A}.Debug|x64.Build.0 = Debug|x64
		{125AA391-1719-4A4C-8744-86BCD817888A}.Debug|x86.ActiveCfg = Debug|Win32
		{125AA391-1719-4A4C-8744-86BCD817888A}.Debug|x86.Build.0 = Debug|Win32
		{125AA391-1719-4A4C-8744-86BCD817888A}.Release|x64.ActiveCfg = Release|x64
		{125AA391-1719-4A4C-8744-86BCD817888A}.Release|x64.Build.0 = Release|x64
		{125AA391-1719-4A4C-8744-86BCD817888A}.Release|x86.ActiveCfg = Release|Win32
		{125AA391-1719-4A4C-8744-86BCD817888A}.Release|x86.Build.0 = Release|Win32
		{04EE146A-4622-48BE-8E6D-EDB2865AC82E}.Debug|x64.ActiveCfg = Debug|x64
		{04EE146A-4622-48BE-8E6D-EDB2865AC82E}.Debug|x64.Build.0 = Debug|x64
		{04EE146A-4622-48BE-8E6D-EDB2865AC82E}.Debug|x86.ActiveCfg = Debug|Win32
		{04EE146A-4622-48BE-8E6D-EDB2865AC82E}.Debug|x86.Build.0 = Debug|Win32
		{04EE146A-4622-48BE-8E6D-EDB2865AC82E}.Release|x64.ActiveCfg = Release|x64
		{04EE146A-4622-48BE-8E6D-EDB2865AC82E}.Release|x64.Build.0 = Release|x64
		{04EE146A-4622-48BE-8E6D-EDB2865AC82E}.Release|x86.ActiveCfg = Release|Win32
		{04EE146A-4622-48BE-8E6D-EDB2865AC82E}.Release|x86.Build.0 = Release|Win32
		{74B414FC-75A8-416A-BC91-9A5CD210FA13}.Debug|x64.ActiveCfg = Debug|x64
		{74B414FC-75A8-416A-BC91-9A5CD210FA13}.Debug|x64.Build.0 = Debug|x64
		{74B414FC-75A8-416A-BC91-9A5CD210FA13}.Debug|x86.ActiveCfg = Debug|Win32
		{74B414FC-75A8-416A-BC91-9A5CD210FA13}.Debug|x86.Build.0 = Debug|Win32
		{74B414FC-75A8-416A-BC91-9A5CD210FA13}.Release|x64.ActiveCfg = Release|x64
		{74B414FC-75A8-416A-BC91-9A5CD210FA13}.Release|x64.Build.0 = Release|x64
		{74B414FC-75A8-416A-BC91-9A5CD210FA13}.Release|x86.ActiveCfg = Release|Win32
		{74B414FC-75A8-416A-BC91-9A5CD210FA13}.Release|x86.Build.0 = Release|Win32
		{5516747F-B280-49B4-A18E-3729289345AB}.Debug|x64.ActiveCfg = Debug|x64
		{5516747F-B280-49B4-A18E-3729289345AB}.Debug|x64.Build.0 = Debug|x64
		{5516747F-B280-49B4-A18E-3729289345AB}.Debug|x86.ActiveCfg = Debug|Win32
		{5516747F-B280-49B4-A18E-3729289345AB}.Debug|x86.Build.0 = Debug|Win32
		{5516747F-B280-49B4-A18E-3729289345AB}.Release|x64.ActiveCfg = Release|x64
		{5516747F-B280-49B4-A18E-3729289345AB}.Release|x64.Build.0 = Release|x64
		{5516747F-B280-49B4-A18E-3729289345AB}.Release|x86.ActiveCfg = Release|Win32
		{5516747F-B280-49B4-A18E-3729289345AB}.Release|x86.Build.0 = Release|Win32
		{B0BF69B3-1A34-4B0F-B2BF-71E834B2FFA8}.Debug|x64.ActiveCfg = Debug|x64
		{B0BF69B3-1A34-4B0F-B2BF-71E834B2FFA8}.Debug|x64.Build.0 = Debug|x64
		{B0BF69B3-1A34-4B0F-B2BF-71E834B2FFA8}.Debug|x86.ActiveCfg = Debug|Win32
		{B0BF69B3-1A34-4B0F-B2BF-71E834B2FFA8}.Debug|x86.Build.0 = Debug|Win32
		{B0BF69B3-1A34-4B0F-B2BF-71E834B2FFA8}.Release|x64.ActiveCfg = Release|x64
		{B0BF69B3-1A34-4B0F-B2BF-71E834B2FFA8}.Release|x64.Build.0 = Release|x64
		{B0BF69B3-1A34-4B0F-B2BF-71E834B2FFA8}.Release|x86.ActiveCfg = Release|Win32
		{B0BF69B3-1A34-4B0F-B2BF-71E834B2FFA8}.Release|x86.Build.0 = Release|Win32
		{DD5BF740-3BFC-4925-9737-FF63EA9411C9}.Debug|x64.ActiveCfg = Debug|x64
		{DD5BF740-3BFC-4925-9737-FF63EA9411C9}.Debug|x64.Build.0 = Debug|x64
		{DD5BF740-3BFC-4925-9737-FF63EA9411C9}.Debug|x86.ActiveCfg = Debug|Win32
		{DD5BF740-3BFC-4925-9737-FF63EA9411C9}.Debug|x86.Build.0 = Debug|Win32
		{DD5BF740-3BFC-4925-9737-FF63EA9411C9}.Release|x64.ActiveCfg = Release|x64
		{DD5BF740-3BFC-4925-9737-FF63EA9411C9}.Release|x64.Build.0 = Release|x64
		{DD5BF740-3BFC-4925-9737-FF63EA9411C9}.Release|x86.ActiveCfg = Release|Win32
		{DD5BF740-3BFC-4925-9737-FF63EA9411C9}.Release|x86.Build.0 = Release|Win32
		{772B6EC6-6221-4067-9593-626BAF6A06C0}.Debug|x64.ActiveCfg = Debug|x64
		{772B6EC6-6221-4067-9593-626BAF6A06C0}.Debug|x64.Build.0 = Debug|x64
		{772B6EC6-6221-4067-9593-626BAF6A06C0}.Debug|x86.ActiveCfg = Debug|Win32
		{772B6EC6-6221-4067-9593-626BAF6A06C0}.Debug|x86.Build.0 = Debug|Win32
		{772B6EC6-6221-4067-9593-626BAF6A06C0}.Release|x64.ActiveCfg = Release|x64
		{772B6EC6-6221-4067-9593-626BAF6A06C0}.Release|x64.Build.0 = Release|x64
		{772B6EC6-6221-4067-9593-626BAF6A06C0}.Release|x86.ActiveCfg = Release|Win32
		{772B6EC6-6221-4067-9593-626BAF6A06C0}.Release|x86.Build.0 = Release|Win32
		{75F94808-4142-48E3-B7CE-39DE9CD1B699}.Debug|x64.ActiveCfg = Debug|x64
		{75F94808-4142-48E3-B7CE-39DE9CD1B699}.Debug|x64.Build.0 = Debug|x64
		{75F94808-4142-48E3-B7CE-39DE9CD1B699}.Debug|x86.ActiveCfg = Debug|Win32
		{75F94808-4142-48E3-B7CE-39DE9CD1B699}.Debug|x86.Build.0 = Debug|Win32
		{75F94808-4142-48E3-B7CE-39DE9CD1B699}.Release|x64.ActiveCfg = Release|x64
		{75F94808-4142-48E3-B7CE-39DE9CD1B699}.Release|x64.Build.0 = Release|x64
		{75F94808-4142-48E3-B7CE-39DE9CD1B699}.Release|x86.ActiveCfg = Release|Win32
		{75F94808-4142-48E3-B7CE-39DE9CD1B699}.Release|x86.Build.0 = Release|Win32
		{C0378FF0-9C75-42E4-ADC0-3758711C93BE}.Debug|x64.ActiveCfg = Debug|x64
		{C0378FF0-9C75-42E4-ADC0-3758711C93BE}.Debug|x64.Build.0 = Debug|x64
		{C0378FF0-9C75-42E4-ADC0-3758711C93BE}.Debug|x86.ActiveCfg = Debug|Win32
		{C0378FF0-9C75-42E4-ADC0-3758711C93BE}.Debug|x86.Build.0 = Debug|Win32
		{C0378FF0-9C75-42E4-ADC0-3758711C93BE}.Release|x64.ActiveCfg = Release|x64
		{C0378FF0-9C75-42E4-ADC0-3758711C93BE}.Release|x64.Build.0 = Release|x64
		{C0378FF0-9C75-42E4-ADC0-3758711C93BE}.Release|x86.ActiveCfg = Release|Win32
		{C0378FF0-9C75-42E4-ADC0-3758711C93BE}.Release|x86.Build.0 = Release|Win32
		{3F748159-1629-4EC8-A536-B3471C770AF0}.Debug|x64.ActiveCfg = Debug|x64
		{3F748159-1629-4EC8-A536-B3471C770AF0}.Debug|x64.Build.0 = Debug|x64
		{3F748159-1629-4EC8-A536-B3471C770AF0}.Debug|x86.ActiveCfg = Debug|Win32
		{3F748159-1629-4EC8-A536-B3471C770AF0}.Debug|x86.Build.0 = Debug|Win32
		{3F748159-1629-4EC8-A536-B3471C770AF0}.Release|x64.ActiveCfg = Release|x64
		{3F748159-1629-4EC8-A536-B3471C770AF0}.Release|x64.Build.0 = Release|x64
		{3F748159-1629-4EC8-A536-B3471C770AF0}.Release|x86.ActiveCfg = Release|Win32
		{3F748159-1629-4EC8-A536-B3471C770AF0}.Release|x86.Build.0 = Release|Win32
		{26BEDDE0-D5DD-4DE6-9C56-6117AD1ECA73}.Debug|x64.ActiveCfg = Debug|x64
		{26BEDDE0-D5DD-4DE6-9C56-6117AD1ECA73}.Debug|x64.Build.0 = Debug|x64
		{26BEDDE0-D5DD-4DE6-9C56-6117AD1ECA73}.Debug|x86.ActiveCfg = Debug|Win32
		{26BEDDE0-D5DD-4DE6-9C56-6117AD1ECA73}.Debug|x86.Build.0 = Debug|Win32
		{26BEDDE0-D5DD-4DE6-9C56-6117AD1ECA73}.Release|x64.ActiveCfg = Release|x64
		{26BEDDE0-D5DD-4DE6-9C56-6117AD1ECA73}.Release|x64.Build.0 = Release|x64
		{26BEDDE0-D5DD-4DE6-9C56-6117AD1ECA73}.Release|x86.ActiveCfg = Release|Win32
		{26BEDDE0-D5DD-4DE6-9C56-6117AD1ECA73}.Release|x86.Build.0 = Release|Win32
		{549646E5-7404-4CFE-97DB-39B5F695D716}.Debug|x64.ActiveCfg = Debug|x64
		{549646E5-7404-4CFE-97DB-39B5F695D716}.Debug|x64.Build.0 = Debug|x64
		{549646E5-7404-4CFE-97DB-39B5F695D716}.Debug|x86.ActiveCfg = Debug|Win32
		{549646E5-7404-4CFE-97DB-39B5F695D716}.Debug|x86.Build.0 = Debug|Win32
		{549646E5-7404-4CFE-97DB-39B5F695D716}.Release|x64.ActiveCfg = Release|x64
		{549646E5-7404-4CFE-97DB-39B5F695D716}.Release|x64.Build.0 = Release|x64
		{549646E5-7404-4CFE-97DB-39B5F695D716}.Release|x86.ActiveCfg = Release|Win32
		{549646E5-7404-4CFE-97DB-39B5F695D716}.Release|x86.Build.0 = Release|Win32
		{10E6B0DA-6F6B-4039-9D67-17D5111F6A28}.Debug|x64.ActiveCfg = Debug|x64
		{10E6B0DA-6F6B-4039-9D67-17D5111F6A28}.Debug|x64.Build.0 = Debug|x64
		{10E6B0DA-6F6B-4039-9D67-17D5111F6A28}.Debug|x86.ActiveCfg = Debug|Win32
		{10E6B0DA-6F6B-4039-9D67-17D5111F6A28}.Debug|x86.Build.0 = Debug|Win32
		{10E6B0DA-6F6B-4039-9D67-17D5111F6A28}.Release|x64.ActiveCfg = Release|x64
		{10E6B0DA-6F6B-4039-9D67-17D5111F6A28}.Release|x64.Build.0 = Release|x64
		{10E6B0DA-6F6B-4039-9D67-17D5111F6A28}.Release|x86.ActiveCfg = Release|Win32
		{10E6B0DA-6F6B-4039-9D67-17D5111F6A28}.Release|x86.Build.0 = Release|Win32
		{512958F8-AF8B-4852-BB57-2CC7D6EBBA63}.Debug|x64.ActiveCfg = Debug|x64
		{512958F8-AF8B-4852-BB57-2CC7D6EBBA63}.Debug|x64.Build.0 = Debug|x64
		{512958F8-AF8B-4852-BB57-2CC7D6EBBA63}.Debug|x86.ActiveCfg = Debug|Win32
		{512958F8-AF8B-4852-BB57-2CC7D6EBBA63}.Debug|x86.Build.0 = Debug|Win32
		{512958F8-AF8B-4852-BB57-2CC7D6EBBA63}.Release|x64.ActiveCfg = Release|x64
		{512958F8-AF8B-4852-BB57-2CC7D6EBBA63}.Release|x64.Build.0 = Release|x64
		{512958F8-AF8B-4852-BB57-2CC7D6EBBA63}.Release|x86.ActiveCfg = Release|Win32
		{512958F8-AF8B-4852-BB57-2CC7D6EBBA63}.Release|x86.Build.0 = Release|Win32
		{F6A85B31-A47C-425D-A434-DF7B51DE69AE}.Debug|x64.ActiveCfg = Debug|x64
		{F6A85B31-A47C-425D-A434-DF7B51DE69AE}.Debug|x64.Build.0 = Debug|x64
		{F6A85B31-A47C-425D-A434-DF7B51DE69AE}.Debug|x86.ActiveCfg = Debug|Win32
		{F6A85B31-A47C-425D-A434-DF7B51DE69AE}.Debug|x86.Build.0 = Debug|Win32
		{F6A85B31-A47C-425D-A434-DF7B51DE69AE}.Release|x64.ActiveCfg = Release|x64
		{F6A85B31-A47C-425D-A434-DF7B51DE69AE}.Release|x64.Build.0 = Release|x64
		{F6A85B31-A47C-425D-A434-DF7B51DE69AE}.Release|x86.ActiveCfg = Release|Win32
		{F6A85B31-A47C-425D-A434-DF7B51DE69AE}.Release|x86.Build.0 = Release|Win32
		{F4F12765-4DB8-43AA-A342-19946F155E49}.Debug|x64.ActiveCfg = Debug|x64
		{F4F12765-4DB8-43AA-A342-19946F155E49}.Debug|x64.Build.0 = Debug|x64
		{F4F12765-4DB8-43AA-A342-19946F155E49}.Debug|x86.ActiveCfg = Debug|Win32
		{F4F12765-4DB8-43AA-A342-19946F155E49}.Debug|x86.Build.0 = Debug|Win32
		{F4F12765-4DB8-43AA-A342-19946F155E49}.Release|x64.ActiveCfg = Release|x64
		{F4F12765-4DB8-43AA-A342-19946F155E49}.Release|x64.Build.0 = Release|x64
		{F4F12765-4DB8-43AA-A342-19946F155E49}.Release|x86.ActiveCfg = Release|Win32
		{F4F12765-4DB8-43AA-A342-19946F155E49}.Release|x86.Build.0 = Release|Win32
		{90ECCA57-B72A-4559-8048-315413599D19}.Debug|x64.ActiveCfg = Debug|x64
		{90ECCA57-B72A-4559-8048-315413599D19}.Debug|x64.Build.0 = Debug|x64
		{90ECCA57-B72A-4559-8048-315413599D19}.Debug|x86.ActiveCfg = Debug|Win32
		{90ECCA57-B72A-4559-8048-315413599D19}.Debug|x86.Build.0 = Debug|Win32
		{90ECCA57-B72A-4559-8048-315413599D19}.Release|x64.ActiveCfg = Release|x64
		{90ECCA57-B72A-4559-8048-315413599D19}.Release|x64.Build.0 = Release|x64
		{90ECCA57-B72A-4559-8048-315413599D19}.Release|x86.ActiveCfg = Release|Win32
		{90ECCA57-B72A-4559-8048-315413599D19}.Release|x86.Build.0 = Release|Win32
		{34748A66-2A91-4FFF-8CC1-349F07F67558}.Debug|x64.ActiveCfg = Debug|x64
		{34748A66-2A91-4FFF-8CC1-349F07F67558}.Debug|x64.Build.0 = Debug|x64
		{34748A66-2A91-4FFF-8CC1-349F07F67558}.Debug|x86.ActiveCfg = Debug|Win32
		{34748A66-2A91-4FFF-8CC1-349F07F67558}.Debug|x86.Build.0 = Debug|Win32
		{34748A66-2A91-4FFF-8CC1-349F07F67558}.Release|x64.ActiveCfg = Release|x64
		{34748A66-2A91-4FFF-8CC1-349F07F67558}.Release|x64.Build.0 = Release|x64
		{34748A66-2A91-4FFF-8CC1-349F07F67558}.Release|x86.ActiveCfg = Release|Win32
		{34748A66-2A91-4FFF-8CC1-349F07F67558}.Release|x86.Build.0 = Release|Win32
		{2D440328-40C5-4651-9734-ABDFDCCDA10E}.Debug|x64.ActiveCfg = Debug|x64
		{2D440328-40C5-4651-9734-ABDFDCCDA10E}.Debug|x64.Build.0 = Debug|x64
		{2D440328-40C5-4651-9734-ABDFDCCDA10E}.Debug|x86.ActiveCfg = Debug|Win32
		{2D440328-40C5-4651-9734-ABDFDCCDA10E}.Debug|x86.Build.0 = Debug|Win32
		{2D440328-40C5-4651-9734-ABDFDCCDA10E}.Release|x64.ActiveCfg = Release|x64
		{2D440328-40C5-4651-9734-ABDFDCCDA10E}.Release|x64.Build.0 = Release|x64
		{2D440328-40C5-4651-9734-ABDFDCCDA10E}.Release|x86.ActiveCfg = Release|Win32
		{2D440328-40C5-4651-9734-ABDFDCCDA10E}.Release|x86.Build.0 = Release|Win32
		{D9BB5674-CD80-4C12-B3C1-DB74601230DC}.Debug|x64.ActiveCfg = Debug|x64
		{D9BB5674-CD80-4C12-B3C1-DB74601230DC}.Debug|x64.Build.0 = Debug|x64
		{D9BB5674-CD80-4C12-B3C1-DB74601230DC}.Debug|x86.ActiveCfg = Debug|Win32
		{D9BB5674-CD80-4C12-B3C1-DB74601230DC}.Debug|x86.Build.0 = Debug|Win32
		{D9BB5674-CD80-4C12-B3C1-DB74601230DC}.Release|x64.ActiveCfg = Release|x64
		{D9BB5674-CD80-4C12-B3C1-DB74601230DC}.Release|x64.Build.0 = Release|x64
		{D9BB5674-CD80-4C12-B3C1-DB74601230DC}.Release|x86.ActiveCfg = Release|Win32
		{D9BB5674-CD80-4C12-B3C1-DB74601230DC}.Release|x86.Build.0 = Release|Win32
		{4D162866-6940-4F7D-8A81-3F88BC426536}.Debug|x64.ActiveCfg = Debug|x64
		{4D162866-6940-4F7D-8A81-3F88BC426536}.Debug|x64.Build.0 = Debug|x64
		{4D162866-6940-4F7D-8A81-3F88BC426536}.Debug|x86.ActiveCfg = Debug|Win32
		{4D162866-6940-4F7D-8A81-3F88BC426536}.Debug|x86.Build.0 = Debug|Win32
		{4D162866-6940-4F7D-8A81-3F88BC426536}.Release|x64.ActiveCfg = Release|x64
		{4D162866-6940-4F7D-8A81-3F88BC426536}.Release|x64.Build.0 = Release|x64
		{4D162866-6940-4F7D-8A81-3F88BC426536}.Release|x86.ActiveCfg = Release|Win32
		{4D162866-6940-4F7D-8A81-3F88BC426536}.Release|x86.Build.0 = Release|Win32
		{0DD2E88A-9991-4E85-AE46-72EA2A2D6A54}.Debug|x64.ActiveCfg = Debug|x64
		{0DD2E88A-9991-4E85-AE46-72EA2A2D6A54}.Debug|x64.Build.0 = Debug|x64
		{0DD2E88A-9991-4E85-AE46-72EA2A2D6A54}.Debug|x86.ActiveCfg = Debug|Win32
		{0DD2E88A-9991-4E85-AE46-72EA2A2D6A54}.Debug|x86.Build.0 = Debug|Win32
		{0DD2E88A-9991-4E85-AE46-72EA2A2D6A54}.Release|x64.ActiveCfg = Release|x64
		{0DD2E88A-9991-4E85-AE46-72EA2A2D6A54}.Release|x64.Build.0 = Release|x64
		{0DD2E88A-9991-4E85-AE46-72EA2A2D6A54}.Release|x86.ActiveCfg = Release|Win32
		{0DD2E88A-9991-4E85-AE46-72EA2A2D6A54}.Release|x86.Build.0 = Release|Win32
		{FF01E662-8982-4660-89CA-F410476EF176}.Debug|x64.ActiveCfg = Debug|x64
		{FF01E662-8982-4660-89CA-F410476EF176}.Debug|x64.Build.0 = Debug|x64
		{FF01E662-8982-4660-89CA-F410476EF176}.Debug|x86.ActiveCfg = Debug|Win32
		{FF01E662-8982-4660-89CA-F410476EF176}.Debug|x86.Build.0 = Debug|Win32
		{FF01E662-8982-4660-89CA-F410476EF176}.Release|x64.ActiveCfg = Release|x64
		{FF01E662-8982-4660-89CA-F410476EF176}.Release|x64.Build.0 = Release|x64
		{FF01E662-8982-4660-89CA-F410476EF176}.Release|x86.ActiveCfg = Release|Win32
		{FF01E662-8982-4660-89CA-F410476EF176}.Release|x86.Build.0 = Release|Win32
		{E2FD5E6E-2106-4BE4-A6A0-47725E37E5E6}.Debug|x64.ActiveCfg = Debug|x64
		{E2FD5E6E-2106-4BE4-A6A0-47725E37E5E6}.Debug|x64.Build.0 = Debug|x64
		{E2FD5E6E-2106-4BE4-A6A0-47725E37E5E6}.Debug|x86.ActiveCfg = Debug|Win32
		{E2FD5E6E-2106-4BE4-A6A0-47725E37E5E6}.Debug|x86.Build.0 = Debug|Win32
		{E2FD5E6E-2106-4BE4-A6A0-47725E37E5E6}.Release|x64.ActiveCfg = Release|x64
		{E2FD5E6E-2106-4BE4-A6A0-47725E37E5E6}.Release|x64.Build.0 = Release|x64
		{E2FD5E6E-2106-4BE4-A6A0-47725E37E5E6}.Release|x86.ActiveCfg = Release|Win32
		{E2FD5E6E-2106-4BE4-A6A0-47725E37E5E6}.Release|x86.Build.0 = Release|Win32
	EndGlobalSection
	GlobalSection(SolutionProperties) = preSolution
		HideSolutionNode = FALSE
	EndGlobalSection
	GlobalSection(NestedProjects) = preSolution
		{F2B11B64-DE42-49AB-AEE2-20C367BDA6BA} = {3616B900-20BF-4467-90B8-92341ED2549D}
		{75D54B15-1BC2-44A9-A953-8FD180BF31F7} = {3616B900-20BF-4467-90B8-92341ED2549D}
		{BFEA8974-7A91-460F-AF4D-109085391069} = {3616B900-20BF-4467-90B8-92341ED2549D}
		{AED2F705-E85E-4E72-9A96-BD067CFB1403} = {3616B900-20BF-4467-90B8-92341ED2549D}
		{07B7D918-FBD7-4A96-B6A9-D603442FF706} = {0BCD1ECC-E21E-4EBD-AB76-9DFF5898A0B0}
		{2B179E7C-291F-4F90-B4CA-664E4570CE6B} = {0BCD1ECC-E21E-4EBD-AB76-9DFF5898A0B0}
		{4191C0E9-3CBE-473D-9FA5-EAA5D15418BC} = {0BCD1ECC-E21E-4EBD-AB76-9DFF5898A0B0}
		{222E2FF0-3AC3-4468-BAD3-071589261AAE} = {0BCD1ECC-E21E-4EBD-AB76-9DFF5898A0B0}
		{A1EA21EE-335C-4663-BD3F-6ADC87A2C82B} = {0BCD1ECC-E21E-4EBD-AB76-9DFF5898A0B0}
		{362C13F0-7B7A-4C46-8F99-7D8ED066AA2E} = {0BCD1ECC-E21E-4EBD-AB76-9DFF5898A0B0}
		{BEB76AFF-CA76-42B0-8F36-1F571A9110F7} = {0BCD1ECC-E21E-4EBD-AB76-9DFF5898A0B0}
		{06AF9CA1-9902-43D8-8C95-6A361270B9C5} = {0BCD1ECC-E21E-4EBD-AB76-9DFF5898A0B0}
		{C1B206DF-EDC8-40D4-9CB6-7A011CB8A516} = {0BCD1ECC-E21E-4EBD-AB76-9DFF5898A0B0}
		{AE243880-44ED-4A52-9D61-05C119825F08} = {0BCD1ECC-E21E-4EBD-AB76-9DFF5898A0B0}
		{B0C24C1F-2B7B-4A75-8BFD-348966A72C11} = {0BCD1ECC-E21E-4EBD-AB76-9DFF5898A0B0}
		{0B14C03F-AEAB-4380-8897-AF9F896B6FD4} = {0BCD1ECC-E21E-4EBD-AB76-9DFF5898A0B0}
		{F7992910-06DF-4424-96C7-95EEA4B2E538} = {3966A12F-0F6A-4518-972A-A7380B38180B}
		{B89672F7-2D23-431C-A3EB-EB78F95E49F8} = {3966A12F-0F6A-4518-972A-A7380B38180B}
		{50887751-ECE2-4115-9B19-01C1DA9EDE57} = {3966A12F-0F6A-4518-972A-A7380B38180B}
		{3B956BBC-0747-4AF5-8FB5-63D48814FF81} = {3966A12F-0F6A-4518-972A-A7380B38180B}
		{EF9FB577-181E-45E7-A604-2767B69E6082} = {3966A12F-0F6A-4518-972A-A7380B38180B}
		{F8BC179B-8257-4C6F-A9CA-E7D5962F6CD6} = {3966A12F-0F6A-4518-972A-A7380B38180B}
		{CB21C474-49AB-4C71-8E78-5DAC43752E47} = {3966A12F-0F6A-4518-972A-A7380B38180B}
		{ED8304BC-E100-4624-9D4A-29B2F55C8283} = {3966A12F-0F6A-4518-972A-A7380B38180B}
		{02CEA56F-1A93-4F76-AF0A-E942778EBB10} = {3966A12F-0F6A-4518-972A-A7380B38180B}
		{0E4BBDC9-DC55-4E77-8CEF-B212B8AD7BD3} = {3966A12F-0F6A-4518-972A-A7380B38180B}
		{D8880022-1245-4DBA-8C08-46A4241C0D32} = {3966A12F-0F6A-4518-972A-A7380B38180B}
		{E5C7F1B1-EA41-4CFC-BB37-151385B03C42} = {F99C5097-CA9E-4C7F-BB6C-7B1F682FDA29}
		{F8EDADE2-D96B-4FE3-8186-29E76C508A40} = {F99C5097-CA9E-4C7F-BB6C-7B1F682FDA29}
		{28CC4426-FE38-48BB-A9D3-6D213ACCEF78} = {F99C5097-CA9E-4C7F-BB6C-7B1F682FDA29}
		{2E1D7190-D047-4F7A-9E32-04F0F98853EB} = {F99C5097-CA9E-4C7F-BB6C-7B1F682FDA29}
		{18060EFD-62E1-45AF-9A32-DDBDAC747A25} = {8BEAD4FB-A295-4C12-83D8-34DF4E6579A8}
		{63219A30-61E1-48C1-AE11-EC68FAE3CF19} = {8BEAD4FB-A295-4C12-83D8-34DF4E6579A8}
		{236E47EE-01DF-4734-A537-230D5863AE6B} = {8BEAD4FB-A295-4C12-83D8-34DF4E6579A8}
		{71A094B7-8399-4103-84BE-ED84F42961D3} = {8BEAD4FB-A295-4C12-83D8-34DF4E6579A8}
		{125AA391-1719-4A4C-8744-86BCD817888A} = {8BEAD4FB-A295-4C12-83D8-34DF4E6579A8}
		{04EE146A-4622-48BE-8E6D-EDB2865AC82E} = {8BEAD4FB-A295-4C12-83D8-34DF4E6579A8}
		{74B414FC-75A8-416A-BC91-9A5CD210FA13} = {8BEAD4FB-A295-4C12-83D8-34DF4E6579A8}
		{5516747F-B280-49B4-A18E-3729289345AB} = {8BEAD4FB-A295-4C12-83D8-34DF4E6579A8}
		{B0BF69B3-1A34-4B0F-B2BF-71E834B2FFA8} = {8BEAD4FB-A295-4C12-83D8-34DF4E6579A8}
		{DD5BF740-3BFC-4925-9737-FF63EA9411C9} = {8BEAD4FB-A295-4C12-83D8-34DF4E6579A8}
		{772B6EC6-6221-4067-9593-626BAF6A06C0} = {8BEAD4FB-A295-4C12-83D8-34DF4E6579A8}
		{75F94808-4142-48E3-B7CE-39DE9CD1B699} = {7E2D3CE8-EC77-4C29-BEDA-91BF47B3C47F}
		{C0378FF0-9C75-42E4-ADC0-3758711C93BE} = {7E2D3CE8-EC77-4C29-BEDA-91BF47B3C47F}
		{3F748159-1629-4EC8-A536-B3471C770AF0} = {7E2D3CE8-EC77-4C29-BEDA-91BF47B3C47F}
		{26BEDDE0-D5DD-4DE6-9C56-6117AD1ECA73} = {D59593A4-583D-401F-B665-83E8720D7AB0}
		{549646E5-7404-4CFE-97DB-39B5F695D716} = {D59593A4-583D-401F-B665-83E8720D7AB0}
		{10E6B0DA-6F6B-4039-9D67-17D5111F6A28} = {D59593A4-583D-401F-B665-83E8720D7AB0}
		{512958F8-AF8B-4852-BB57-2CC7D6EBBA63} = {D59593A4-583D-401F-B665-83E8720D7AB0}
		{F6A85B31-A47C-425D-A434-DF7B51DE69AE} = {D59593A4-583D-401F-B665-83E8720D7AB0}
		{F4F12765-4DB8-43AA-A342-19946F155E49} = {D59593A4-583D-401F-B665-83E8720D7AB0}
		{90ECCA57-B72A-4559-8048-315413599D19} = {D59593A4-583D-401F-B665-83E8720D7AB0}
		{34748A66-2A91-4FFF-8CC1-349F07F67558} = {D59593A4-583D-401F-B665-83E8720D7AB0}
		{5D506352-2A68-4BB9-A7CA-C89AF5DB8239} = {8ECB157C-C697-4DDC-AF1D-9731D23273C9}
		{2D440328-40C5-4651-9734-ABDFDCCDA10E} = {5D506352-2A68-4BB9-A7CA-C89AF5DB8239}
		{D9BB5674-CD80-4C12-B3C1-DB74601230DC} = {8ECB157C-C697-4DDC-AF1D-9731D23273C9}
		{4D162866-6940-4F7D-8A81-3F88BC426536} = {8ECB157C-C697-4DDC-AF1D-9731D23273C9}
		{0DD2E88A-9991-4E85-AE46-72EA2A2D6A54} = {8ECB157C-C697-4DDC-AF1D-9731D23273C9}
		{FF01E662-8982-4660-89CA-F410476EF176} = {8ECB157C-C697-4DDC-AF1D-9731D23273C9}
		{E2FD5E6E-2106-4BE4-A6A0-47725E37E5E6} = {8ECB157C-C697-4DDC-AF1D-9731D23273C9}
	EndGlobalSection
	GlobalSection(ExtensibilityGlobals) = postSolution
		SolutionGuid = {F738866B-1F56-4D03-AB31-0CEE774A9CA7}
	EndGlobalSection
EndGlobal
