
Microsoft Visual Studio Solution File, Format Version 12.00
# Visual Studio Version 17
VisualStudioVersion = 17.7.34031.279
MinimumVisualStudioVersion = 10.0.40219.1
Project("{2150E333-8FDC-42A3-9474-1A3956D46DE8}") = "Task1", "Task1", "{3616B900-20BF-4467-90B8-92341ED2549D}"
EndProject
Project("{8BC9CEB8-8B4A-11D0-8D11-00A0C91BC942}") = "Task 1.1", "Task 1\Task 1.1\Task 1.1.vcxproj", "{F2B11B64-DE42-49AB-AEE2-20C367BDA6BA}"
EndProject
Project("{8BC9CEB8-8B4A-11D0-8D11-00A0C91BC942}") = "Task 1.2", "Task 1\Task 1.2\Task 1.2.vcxproj", "{75D54B15-1BC2-44A9-A953-8FD180BF31F7}"
EndProject
Project("{8BC9CEB8-8B4A-11D0-8D11-00A0C91BC942}") = "Task 1.3", "Task 1\Task 1.3\Task 1.3.vcxproj", "{BFEA8974-7A91-460F-AF4D-109085391069}"
EndProject
Project("{8BC9CEB8-8B4A-11D0-8D11-00A0C91BC942}") = "Ex 1.1", "Task 1\Ex 1.1\Ex 1.1.vcxproj", "{AED2F705-E85E-4E72-9A96-BD067CFB1403}"
EndProject
Project("{2150E333-8FDC-42A3-9474-1A3956D46DE8}") = "Task2", "Task2", "{0BCD1ECC-E21E-4EBD-AB76-9DFF5898A0B0}"
EndProject
Project("{8BC9CEB8-8B4A-11D0-8D11-00A0C91BC942}") = "Task 2.1.1", "Task 2\Task 2.1\Task 2.1.vcxproj", "{07B7D918-FBD7-4A96-B6A9-D603442FF706}"
EndProject
Project("{8BC9CEB8-8B4A-11D0-8D11-00A0C91BC942}") = "Task 2.1.2", "Task 2\Task 2.2\Task 2.2.vcxproj", "{2B179E7C-291F-4F90-B4CA-664E4570CE6B}"
EndProject
Project("{8BC9CEB8-8B4A-11D0-8D11-00A0C91BC942}") = "Task 2.2.1", "Task 2\Task 2.2.1\Task 2.2.1.vcxproj", "{4191C0E9-3CBE-473D-9FA5-EAA5D15418BC}"
EndProject
Project("{8BC9CEB8-8B4A-11D0-8D11-00A0C91BC942}") = "Task 2.2.2", "Task 2\Task 2.2.2\Task 2.2.2.vcxproj", "{222E2FF0-3AC3-4468-BAD3-071589261AAE}"
EndProject
Project("{8BC9CEB8-8B4A-11D0-8D11-00A0C91BC942}") = "Task 2.2.3", "Task 2\Task 2.2.3\Task 2.2.3.vcxproj", "{A1EA21EE-335C-4663-BD3F-6ADC87A2C82B}"
EndProject
Project("{8BC9CEB8-8B4A-11D0-8D11-00A0C91BC942}") = "Task 2.3", "Task 2\Task 2.3\Task 2.3.vcxproj", "{362C13F0-7B7A-4C46-8F99-7D8ED066AA2E}"
EndProject
Project("{8BC9CEB8-8B4A-11D0-8D11-00A0C91BC942}") = "Task 2.4", "Task 2\Task 2.4\Task 2.4.vcxproj", "{BEB76AFF-CA76-42B0-8F36-1F571A9110F7}"
EndProject
Project("{8BC9CEB8-8B4A-11D0-8D11-00A0C91BC942}") = "Ex 2.1", "Task 2\Ex 2.1\Ex 2.1.vcxproj", "{06AF9CA1-9902-43D8-8C95-6A361270B9C5}"
EndProject
Project("{8BC9CEB8-8B4A-11D0-8D11-00A0C91BC942}") = "Ex 2.2", "Task 2\Ex 2.2\Ex 2.2.vcxproj", "{C1B206DF-EDC8-40D4-9CB6-7A011CB8A516}"
EndProject
Project("{8BC9CEB8-8B4A-11D0-8D11-00A0C91BC942}") = "Ex 2.3", "Task 2\Ex 2.3\Ex 2.3.vcxproj", "{AE243880-44ED-4A52-9D61-05C119825F08}"
EndProject
Project("{8BC9CEB8-8B4A-11D0-8D11-00A0C91BC942}") = "Ex 2.4.1", "Task 2\Ex 2.4.1\Ex 2.4.1.vcxproj", "{B0C24C1F-2B7B-4A75-8BFD-348966A72C11}"
EndProject
Project("{8BC9CEB8-8B4A-11D0-8D11-00A0C91BC942}") = "Ex 2.4.2", "Task 2\Ex 2.4.2\Ex 2.4.2.vcxproj", "{0B14C03F-AEAB-4380-8897-AF9F896B6FD4}"
EndProject
Project("{2150E333-8FDC-42A3-9474-1A3956D46DE8}") = "Task3", "Task3", "{3966A12F-0F6A-4518-972A-A7380B38180B}"
EndProject
Project("{8BC9CEB8-8B4A-11D0-8D11-00A0C91BC942}") = "Task 3.1.1", "Task3\Task 3.1.1\Task 3.1.1.vcxproj", "{F7992910-06DF-4424-96C7-95EEA4B2E538}"
EndProject
Project("{8BC9CEB8-8B4A-11D0-8D11-00A0C91BC942}") = "Task 3.1.2", "Task3\Task 3.1.2\Task 3.1.2.vcxproj", "{B89672F7-2D23-431C-A3EB-EB78F95E49F8}"
EndProject
Project("{8BC9CEB8-8B4A-11D0-8D11-00A0C91BC942}") = "Task 3.2", "Task3\Task 3.2\Task 3.2.vcxproj", "{50887751-ECE2-4115-9B19-01C1DA9EDE57}"
EndProject
Project("{8BC9CEB8-8B4A-11D0-8D11-00A0C91BC942}") = "Task 3.3", "Task3\Task 3.3\Task 3.3.vcxproj", "{3B956BBC-0747-4AF5-8FB5-63D48814FF81}"
EndProject
Project("{8BC9CEB8-8B4A-11D0-8D11-00A0C91BC942}") = "Task 3.4.1", "Task3\Task 3.4.1\Task 3.4.1.vcxproj", "{EF9FB577-181E-45E7-A604-2767B69E6082}"
EndProject
Project("{8BC9CEB8-8B4A-11D0-8D11-00A0C91BC942}") = "Task 3.4.2", "Task3\Task 3.4.2\Task 3.4.2.vcxproj", "{F8BC179B-8257-4C6F-A9CA-E7D5962F6CD6}"
EndProject
Project("{8BC9CEB8-8B4A-11D0-8D11-00A0C91BC942}") = "Ex 3.1", "Task3\Ex 3.1\Ex 3.1.vcxproj", "{CB21C474-49AB-4C71-8E78-5DAC43752E47}"
EndProject
Project("{8BC9CEB8-8B4A-11D0-8D11-00A0C91BC942}") = "Ex 3.2", "Task3\Ex 3.2\Ex 3.2.vcxproj", "{ED8304BC-E100-4624-9D4A-29B2F55C8283}"
EndProject
Project("{8BC9CEB8-8B4A-11D0-8D11-00A0C91BC942}") = "Ex 3.3", "Task3\Ex 3.3\Ex 3.3.vcxproj", "{02CEA56F-1A93-4F76-AF0A-E942778EBB10}"
EndProject
Project("{8BC9CEB8-8B4A-11D0-8D11-00A0C91BC942}") = "Ex 3.4", "Task3\Ex 3.4\Ex 3.4.vcxproj", "{0E4BBDC9-DC55-4E77-8CEF-B212B8AD7BD3}"
EndProject
Project("{8BC9CEB8-8B4A-11D0-8D11-00A0C91BC942}") = "Ex 3.5", "Task3\Ex 3.5\Ex 3.5.vcxproj", "{D8880022-1245-4DBA-8C08-46A4241C0D32}"
EndProject
Project("{2150E333-8FDC-42A3-9474-1A3956D46DE8}") = "Task4", "Task4", "{F99C5097-CA9E-4C7F-BB6C-7B1F682FDA29}"
EndProject
Project("{8BC9CEB8-8B4A-11D0-8D11-00A0C91BC942}") = "Task 4.1", "Task 4\Task 4.1\Task 4.1.vcxproj", "{E5C7F1B1-EA41-4CFC-BB37-151385B03C42}"
EndProject
Project("{8BC9CEB8-8B4A-11D0-8D11-00A0C91BC942}") = "Task 4.2", "Task 4\Task 4.2\Task 4.2.vcxproj", "{F8EDADE2-D96B-4FE3-8186-29E76C508A40}"
EndProject
Project("{8BC9CEB8-8B4A-11D0-8D11-00A0C91BC942}") = "Ex 4.1", "Task 4\Ex 4.1\Ex 4.1.vcxproj", "{28CC4426-FE38-48BB-A9D3-6D213ACCEF78}"
EndProject
Project("{8BC9CEB8-8B4A-11D0-8D11-00A0C91BC942}") = "Ex 4.2", "Task 4\Ex 4.2\Ex 4.2.vcxproj", "{2E1D7190-D047-4F7A-9E32-04F0F98853EB}"
EndProject
Global
	GlobalSection(SolutionConfigurationPlatforms) = preSolution
		Debug|x64 = Debug|x64
		Debug|x86 = Debug|x86
		Release|x64 = Release|x64
		Release|x86 = Release|x86
	EndGlobalSection
	GlobalSection(ProjectConfigurationPlatforms) = postSolution
		{F2B11B64-DE42-49AB-AEE2-20C367BDA6BA}.Debug|x64.ActiveCfg = Debug|x64
		{F2B11B64-DE42-49AB-AEE2-20C367BDA6BA}.Debug|x64.Build.0 = Debug|x64
		{F2B11B64-DE42-49AB-AEE2-20C367BDA6BA}.Debug|x86.ActiveCfg = Debug|Win32
		{F2B11B64-DE42-49AB-AEE2-20C367BDA6BA}.Debug|x86.Build.0 = Debug|Win32
		{F2B11B64-DE42-49AB-AEE2-20C367BDA6BA}.Release|x64.ActiveCfg = Release|x64
		{F2B11B64-DE42-49AB-AEE2-20C367BDA6BA}.Release|x64.Build.0 = Release|x64
		{F2B11B64-DE42-49AB-AEE2-20C367BDA6BA}.Release|x86.ActiveCfg = Release|Win32
		{F2B11B64-DE42-49AB-AEE2-20C367BDA6BA}.Release|x86.Build.0 = Release|Win32
		{75D54B15-1BC2-44A9-A953-8FD180BF31F7}.Debug|x64.ActiveCfg = Debug|x64
		{75D54B15-1BC2-44A9-A953-8FD180BF31F7}.Debug|x64.Build.0 = Debug|x64
		{75D54B15-1BC2-44A9-A953-8FD180BF31F7}.Debug|x86.ActiveCfg = Debug|Win32
		{75D54B15-1BC2-44A9-A953-8FD180BF31F7}.Debug|x86.Build.0 = Debug|Win32
		{75D54B15-1BC2-44A9-A953-8FD180BF31F7}.Release|x64.ActiveCfg = Release|x64
		{75D54B15-1BC2-44A9-A953-8FD180BF31F7}.Release|x64.Build.0 = Release|x64
		{75D54B15-1BC2-44A9-A953-8FD180BF31F7}.Release|x86.ActiveCfg = Release|Win32
		{75D54B15-1BC2-44A9-A953-8FD180BF31F7}.Release|x86.Build.0 = Release|Win32
		{BFEA8974-7A91-460F-AF4D-109085391069}.Debug|x64.ActiveCfg = Debug|x64
		{BFEA8974-7A91-460F-AF4D-109085391069}.Debug|x64.Build.0 = Debug|x64
		{BFEA8974-7A91-460F-AF4D-109085391069}.Debug|x86.ActiveCfg = Debug|Win32
		{BFEA8974-7A91-460F-AF4D-109085391069}.Debug|x86.Build.0 = Debug|Win32
		{BFEA8974-7A91-460F-AF4D-109085391069}.Release|x64.ActiveCfg = Release|x64
		{BFEA8974-7A91-460F-AF4D-109085391069}.Release|x64.Build.0 = Release|x64
		{BFEA8974-7A91-460F-AF4D-109085391069}.Release|x86.ActiveCfg = Release|Win32
		{BFEA8974-7A91-460F-AF4D-109085391069}.Release|x86.Build.0 = Release|Win32
		{AED2F705-E85E-4E72-9A96-BD067CFB1403}.Debug|x64.ActiveCfg = Debug|x64
		{AED2F705-E85E-4E72-9A96-BD067CFB1403}.Debug|x64.Build.0 = Debug|x64
		{AED2F705-E85E-4E72-9A96-BD067CFB1403}.Debug|x86.ActiveCfg = Debug|Win32
		{AED2F705-E85E-4E72-9A96-BD067CFB1403}.Debug|x86.Build.0 = Debug|Win32
		{AED2F705-E85E-4E72-9A96-BD067CFB1403}.Release|x64.ActiveCfg = Release|x64
		{AED2F705-E85E-4E72-9A96-BD067CFB1403}.Release|x64.Build.0 = Release|x64
		{AED2F705-E85E-4E72-9A96-BD067CFB1403}.Release|x86.ActiveCfg = Release|Win32
		{AED2F705-E85E-4E72-9A96-BD067CFB1403}.Release|x86.Build.0 = Release|Win32
		{07B7D918-FBD7-4A96-B6A9-D603442FF706}.Debug|x64.ActiveCfg = Debug|x64
		{07B7D918-FBD7-4A96-B6A9-D603442FF706}.Debug|x64.Build.0 = Debug|x64
		{07B7D918-FBD7-4A96-B6A9-D603442FF706}.Debug|x86.ActiveCfg = Debug|Win32
		{07B7D918-FBD7-4A96-B6A9-D603442FF706}.Debug|x86.Build.0 = Debug|Win32
		{07B7D918-FBD7-4A96-B6A9-D603442FF706}.Release|x64.ActiveCfg = Release|x64
		{07B7D918-FBD7-4A96-B6A9-D603442FF706}.Release|x64.Build.0 = Release|x64
		{07B7D918-FBD7-4A96-B6A9-D603442FF706}.Release|x86.ActiveCfg = Release|Win32
		{07B7D918-FBD7-4A96-B6A9-D603442FF706}.Release|x86.Build.0 = Release|Win32
		{2B179E7C-291F-4F90-B4CA-664E4570CE6B}.Debug|x64.ActiveCfg = Debug|x64
		{2B179E7C-291F-4F90-B4CA-664E4570CE6B}.Debug|x64.Build.0 = Debug|x64
		{2B179E7C-291F-4F90-B4CA-664E4570CE6B}.Debug|x86.ActiveCfg = Debug|Win32
		{2B179E7C-291F-4F90-B4CA-664E4570CE6B}.Debug|x86.Build.0 = Debug|Win32
		{2B179E7C-291F-4F90-B4CA-664E4570CE6B}.Release|x64.ActiveCfg = Release|x64
		{2B179E7C-291F-4F90-B4CA-664E4570CE6B}.Release|x64.Build.0 = Release|x64
		{2B179E7C-291F-4F90-B4CA-664E4570CE6B}.Release|x86.ActiveCfg = Release|Win32
		{2B179E7C-291F-4F90-B4CA-664E4570CE6B}.Release|x86.Build.0 = Release|Win32
		{4191C0E9-3CBE-473D-9FA5-EAA5D15418BC}.Debug|x64.ActiveCfg = Debug|x64
		{4191C0E9-3CBE-473D-9FA5-EAA5D15418BC}.Debug|x64.Build.0 = Debug|x64
		{4191C0E9-3CBE-473D-9FA5-EAA5D15418BC}.Debug|x86.ActiveCfg = Debug|Win32
		{4191C0E9-3CBE-473D-9FA5-EAA5D15418BC}.Debug|x86.Build.0 = Debug|Win32
		{4191C0E9-3CBE-473D-9FA5-EAA5D15418BC}.Release|x64.ActiveCfg = Release|x64
		{4191C0E9-3CBE-473D-9FA5-EAA5D15418BC}.Release|x64.Build.0 = Release|x64
		{4191C0E9-3CBE-473D-9FA5-EAA5D15418BC}.Release|x86.ActiveCfg = Release|Win32
		{4191C0E9-3CBE-473D-9FA5-EAA5D15418BC}.Release|x86.Build.0 = Release|Win32
		{222E2FF0-3AC3-4468-BAD3-071589261AAE}.Debug|x64.ActiveCfg = Debug|x64
		{222E2FF0-3AC3-4468-BAD3-071589261AAE}.Debug|x64.Build.0 = Debug|x64
		{222E2FF0-3AC3-4468-BAD3-071589261AAE}.Debug|x86.ActiveCfg = Debug|Win32
		{222E2FF0-3AC3-4468-BAD3-071589261AAE}.Debug|x86.Build.0 = Debug|Win32
		{222E2FF0-3AC3-4468-BAD3-071589261AAE}.Release|x64.ActiveCfg = Release|x64
		{222E2FF0-3AC3-4468-BAD3-071589261AAE}.Release|x64.Build.0 = Release|x64
		{222E2FF0-3AC3-4468-BAD3-071589261AAE}.Release|x86.ActiveCfg = Release|Win32
		{222E2FF0-3AC3-4468-BAD3-071589261AAE}.Release|x86.Build.0 = Release|Win32
		{A1EA21EE-335C-4663-BD3F-6ADC87A2C82B}.Debug|x64.ActiveCfg = Debug|x64
		{A1EA21EE-335C-4663-BD3F-6ADC87A2C82B}.Debug|x64.Build.0 = Debug|x64
		{A1EA21EE-335C-4663-BD3F-6ADC87A2C82B}.Debug|x86.ActiveCfg = Debug|Win32
		{A1EA21EE-335C-4663-BD3F-6ADC87A2C82B}.Debug|x86.Build.0 = Debug|Win32
		{A1EA21EE-335C-4663-BD3F-6ADC87A2C82B}.Release|x64.ActiveCfg = Release|x64
		{A1EA21EE-335C-4663-BD3F-6ADC87A2C82B}.Release|x64.Build.0 = Release|x64
		{A1EA21EE-335C-4663-BD3F-6ADC87A2C82B}.Release|x86.ActiveCfg = Release|Win32
		{A1EA21EE-335C-4663-BD3F-6ADC87A2C82B}.Release|x86.Build.0 = Release|Win32
		{362C13F0-7B7A-4C46-8F99-7D8ED066AA2E}.Debug|x64.ActiveCfg = Debug|x64
		{362C13F0-7B7A-4C46-8F99-7D8ED066AA2E}.Debug|x64.Build.0 = Debug|x64
		{362C13F0-7B7A-4C46-8F99-7D8ED066AA2E}.Debug|x86.ActiveCfg = Debug|Win32
		{362C13F0-7B7A-4C46-8F99-7D8ED066AA2E}.Debug|x86.Build.0 = Debug|Win32
		{362C13F0-7B7A-4C46-8F99-7D8ED066AA2E}.Release|x64.ActiveCfg = Release|x64
		{362C13F0-7B7A-4C46-8F99-7D8ED066AA2E}.Release|x64.Build.0 = Release|x64
		{362C13F0-7B7A-4C46-8F99-7D8ED066AA2E}.Release|x86.ActiveCfg = Release|Win32
		{362C13F0-7B7A-4C46-8F99-7D8ED066AA2E}.Release|x86.Build.0 = Release|Win32
		{BEB76AFF-CA76-42B0-8F36-1F571A9110F7}.Debug|x64.ActiveCfg = Debug|x64
		{BEB76AFF-CA76-42B0-8F36-1F571A9110F7}.Debug|x64.Build.0 = Debug|x64
		{BEB76AFF-CA76-42B0-8F36-1F571A9110F7}.Debug|x86.ActiveCfg = Debug|Win32
		{BEB76AFF-CA76-42B0-8F36-1F571A9110F7}.Debug|x86.Build.0 = Debug|Win32
		{BEB76AFF-CA76-42B0-8F36-1F571A9110F7}.Release|x64.ActiveCfg = Release|x64
		{BEB76AFF-CA76-42B0-8F36-1F571A9110F7}.Release|x64.Build.0 = Release|x64
		{BEB76AFF-CA76-42B0-8F36-1F571A9110F7}.Release|x86.ActiveCfg = Release|Win32
		{BEB76AFF-CA76-42B0-8F36-1F571A9110F7}.Release|x86.Build.0 = Release|Win32
		{06AF9CA1-9902-43D8-8C95-6A361270B9C5}.Debug|x64.ActiveCfg = Debug|x64
		{06AF9CA1-9902-43D8-8C95-6A361270B9C5}.Debug|x64.Build.0 = Debug|x64
		{06AF9CA1-9902-43D8-8C95-6A361270B9C5}.Debug|x86.ActiveCfg = Debug|Win32
		{06AF9CA1-9902-43D8-8C95-6A361270B9C5}.Debug|x86.Build.0 = Debug|Win32
		{06AF9CA1-9902-43D8-8C95-6A361270B9C5}.Release|x64.ActiveCfg = Release|x64
		{06AF9CA1-9902-43D8-8C95-6A361270B9C5}.Release|x64.Build.0 = Release|x64
		{06AF9CA1-9902-43D8-8C95-6A361270B9C5}.Release|x86.ActiveCfg = Release|Win32
		{06AF9CA1-9902-43D8-8C95-6A361270B9C5}.Release|x86.Build.0 = Release|Win32
		{C1B206DF-EDC8-40D4-9CB6-7A011CB8A516}.Debug|x64.ActiveCfg = Debug|x64
		{C1B206DF-EDC8-40D4-9CB6-7A011CB8A516}.Debug|x64.Build.0 = Debug|x64
		{C1B206DF-EDC8-40D4-9CB6-7A011CB8A516}.Debug|x86.ActiveCfg = Debug|Win32
		{C1B206DF-EDC8-40D4-9CB6-7A011CB8A516}.Debug|x86.Build.0 = Debug|Win32
		{C1B206DF-EDC8-40D4-9CB6-7A011CB8A516}.Release|x64.ActiveCfg = Release|x64
		{C1B206DF-EDC8-40D4-9CB6-7A011CB8A516}.Release|x64.Build.0 = Release|x64
		{C1B206DF-EDC8-40D4-9CB6-7A011CB8A516}.Release|x86.ActiveCfg = Release|Win32
		{C1B206DF-EDC8-40D4-9CB6-7A011CB8A516}.Release|x86.Build.0 = Release|Win32
		{AE243880-44ED-4A52-9D61-05C119825F08}.Debug|x64.ActiveCfg = Debug|x64
		{AE243880-44ED-4A52-9D61-05C119825F08}.Debug|x64.Build.0 = Debug|x64
		{AE243880-44ED-4A52-9D61-05C119825F08}.Debug|x86.ActiveCfg = Debug|Win32
		{AE243880-44ED-4A52-9D61-05C119825F08}.Debug|x86.Build.0 = Debug|Win32
		{AE243880-44ED-4A52-9D61-05C119825F08}.Release|x64.ActiveCfg = Release|x64
		{AE243880-44ED-4A52-9D61-05C119825F08}.Release|x64.Build.0 = Release|x64
		{AE243880-44ED-4A52-9D61-05C119825F08}.Release|x86.ActiveCfg = Release|Win32
		{AE243880-44ED-4A52-9D61-05C119825F08}.Release|x86.Build.0 = Release|Win32
		{B0C24C1F-2B7B-4A75-8BFD-348966A72C11}.Debug|x64.ActiveCfg = Debug|x64
		{B0C24C1F-2B7B-4A75-8BFD-348966A72C11}.Debug|x64.Build.0 = Debug|x64
		{B0C24C1F-2B7B-4A75-8BFD-348966A72C11}.Debug|x86.ActiveCfg = Debug|Win32
		{B0C24C1F-2B7B-4A75-8BFD-348966A72C11}.Debug|x86.Build.0 = Debug|Win32
		{B0C24C1F-2B7B-4A75-8BFD-348966A72C11}.Release|x64.ActiveCfg = Release|x64
		{B0C24C1F-2B7B-4A75-8BFD-348966A72C11}.Release|x64.Build.0 = Release|x64
		{B0C24C1F-2B7B-4A75-8BFD-348966A72C11}.Release|x86.ActiveCfg = Release|Win32
		{B0C24C1F-2B7B-4A75-8BFD-348966A72C11}.Release|x86.Build.0 = Release|Win32
		{0B14C03F-AEAB-4380-8897-AF9F896B6FD4}.Debug|x64.ActiveCfg = Debug|x64
		{0B14C03F-AEAB-4380-8897-AF9F896B6FD4}.Debug|x64.Build.0 = Debug|x64
		{0B14C03F-AEAB-4380-8897-AF9F896B6FD4}.Debug|x86.ActiveCfg = Debug|Win32
		{0B14C03F-AEAB-4380-8897-AF9F896B6FD4}.Debug|x86.Build.0 = Debug|Win32
		{0B14C03F-AEAB-4380-8897-AF9F896B6FD4}.Release|x64.ActiveCfg = Release|x64
		{0B14C03F-AEAB-4380-8897-AF9F896B6FD4}.Release|x64.Build.0 = Release|x64
		{0B14C03F-AEAB-4380-8897-AF9F896B6FD4}.Release|x86.ActiveCfg = Release|Win32
		{0B14C03F-AEAB-4380-8897-AF9F896B6FD4}.Release|x86.Build.0 = Release|Win32
		{F7992910-06DF-4424-96C7-95EEA4B2E538}.Debug|x64.ActiveCfg = Debug|x64
		{F7992910-06DF-4424-96C7-95EEA4B2E538}.Debug|x64.Build.0 = Debug|x64
		{F7992910-06DF-4424-96C7-95EEA4B2E538}.Debug|x86.ActiveCfg = Debug|Win32
		{F7992910-06DF-4424-96C7-95EEA4B2E538}.Debug|x86.Build.0 = Debug|Win32
		{F7992910-06DF-4424-96C7-95EEA4B2E538}.Release|x64.ActiveCfg = Release|x64
		{F7992910-06DF-4424-96C7-95EEA4B2E538}.Release|x64.Build.0 = Release|x64
		{F7992910-06DF-4424-96C7-95EEA4B2E538}.Release|x86.ActiveCfg = Release|Win32
		{F7992910-06DF-4424-96C7-95EEA4B2E538}.Release|x86.Build.0 = Release|Win32
		{B89672F7-2D23-431C-A3EB-EB78F95E49F8}.Debug|x64.ActiveCfg = Debug|x64
		{B89672F7-2D23-431C-A3EB-EB78F95E49F8}.Debug|x64.Build.0 = Debug|x64
		{B89672F7-2D23-431C-A3EB-EB78F95E49F8}.Debug|x86.ActiveCfg = Debug|Win32
		{B89672F7-2D23-431C-A3EB-EB78F95E49F8}.Debug|x86.Build.0 = Debug|Win32
		{B89672F7-2D23-431C-A3EB-EB78F95E49F8}.Release|x64.ActiveCfg = Release|x64
		{B89672F7-2D23-431C-A3EB-EB78F95E49F8}.Release|x64.Build.0 = Release|x64
		{B89672F7-2D23-431C-A3EB-EB78F95E49F8}.Release|x86.ActiveCfg = Release|Win32
		{B89672F7-2D23-431C-A3EB-EB78F95E49F8}.Release|x86.Build.0 = Release|Win32
		{50887751-ECE2-4115-9B19-01C1DA9EDE57}.Debug|x64.ActiveCfg = Debug|x64
		{50887751-ECE2-4115-9B19-01C1DA9EDE57}.Debug|x64.Build.0 = Debug|x64
		{50887751-ECE2-4115-9B19-01C1DA9EDE57}.Debug|x86.ActiveCfg = Debug|Win32
		{50887751-ECE2-4115-9B19-01C1DA9EDE57}.Debug|x86.Build.0 = Debug|Win32
		{50887751-ECE2-4115-9B19-01C1DA9EDE57}.Release|x64.ActiveCfg = Release|x64
		{50887751-ECE2-4115-9B19-01C1DA9EDE57}.Release|x64.Build.0 = Release|x64
		{50887751-ECE2-4115-9B19-01C1DA9EDE57}.Release|x86.ActiveCfg = Release|Win32
		{50887751-ECE2-4115-9B19-01C1DA9EDE57}.Release|x86.Build.0 = Release|Win32
		{3B956BBC-0747-4AF5-8FB5-63D48814FF81}.Debug|x64.ActiveCfg = Debug|x64
		{3B956BBC-0747-4AF5-8FB5-63D48814FF81}.Debug|x64.Build.0 = Debug|x64
		{3B956BBC-0747-4AF5-8FB5-63D48814FF81}.Debug|x86.ActiveCfg = Debug|Win32
		{3B956BBC-0747-4AF5-8FB5-63D48814FF81}.Debug|x86.Build.0 = Debug|Win32
		{3B956BBC-0747-4AF5-8FB5-63D48814FF81}.Release|x64.ActiveCfg = Release|x64
		{3B956BBC-0747-4AF5-8FB5-63D48814FF81}.Release|x64.Build.0 = Release|x64
		{3B956BBC-0747-4AF5-8FB5-63D48814FF81}.Release|x86.ActiveCfg = Release|Win32
		{3B956BBC-0747-4AF5-8FB5-63D48814FF81}.Release|x86.Build.0 = Release|Win32
		{EF9FB577-181E-45E7-A604-2767B69E6082}.Debug|x64.ActiveCfg = Debug|x64
		{EF9FB577-181E-45E7-A604-2767B69E6082}.Debug|x64.Build.0 = Debug|x64
		{EF9FB577-181E-45E7-A604-2767B69E6082}.Debug|x86.ActiveCfg = Debug|Win32
		{EF9FB577-181E-45E7-A604-2767B69E6082}.Debug|x86.Build.0 = Debug|Win32
		{EF9FB577-181E-45E7-A604-2767B69E6082}.Release|x64.ActiveCfg = Release|x64
		{EF9FB577-181E-45E7-A604-2767B69E6082}.Release|x64.Build.0 = Release|x64
		{EF9FB577-181E-45E7-A604-2767B69E6082}.Release|x86.ActiveCfg = Release|Win32
		{EF9FB577-181E-45E7-A604-2767B69E6082}.Release|x86.Build.0 = Release|Win32
		{F8BC179B-8257-4C6F-A9CA-E7D5962F6CD6}.Debug|x64.ActiveCfg = Debug|x64
		{F8BC179B-8257-4C6F-A9CA-E7D5962F6CD6}.Debug|x64.Build.0 = Debug|x64
		{F8BC179B-8257-4C6F-A9CA-E7D5962F6CD6}.Debug|x86.ActiveCfg = Debug|Win32
		{F8BC179B-8257-4C6F-A9CA-E7D5962F6CD6}.Debug|x86.Build.0 = Debug|Win32
		{F8BC179B-8257-4C6F-A9CA-E7D5962F6CD6}.Release|x64.ActiveCfg = Release|x64
		{F8BC179B-8257-4C6F-A9CA-E7D5962F6CD6}.Release|x64.Build.0 = Release|x64
		{F8BC179B-8257-4C6F-A9CA-E7D5962F6CD6}.Release|x86.ActiveCfg = Release|Win32
		{F8BC179B-8257-4C6F-A9CA-E7D5962F6CD6}.Release|x86.Build.0 = Release|Win32
		{CB21C474-49AB-4C71-8E78-5DAC43752E47}.Debug|x64.ActiveCfg = Debug|x64
		{CB21C474-49AB-4C71-8E78-5DAC43752E47}.Debug|x64.Build.0 = Debug|x64
		{CB21C474-49AB-4C71-8E78-5DAC43752E47}.Debug|x86.ActiveCfg = Debug|Win32
		{CB21C474-49AB-4C71-8E78-5DAC43752E47}.Debug|x86.Build.0 = Debug|Win32
		{CB21C474-49AB-4C71-8E78-5DAC43752E47}.Release|x64.ActiveCfg = Release|x64
		{CB21C474-49AB-4C71-8E78-5DAC43752E47}.Release|x64.Build.0 = Release|x64
		{CB21C474-49AB-4C71-8E78-5DAC43752E47}.Release|x86.ActiveCfg = Release|Win32
		{CB21C474-49AB-4C71-8E78-5DAC43752E47}.Release|x86.Build.0 = Release|Win32
		{ED8304BC-E100-4624-9D4A-29B2F55C8283}.Debug|x64.ActiveCfg = Debug|x64
		{ED8304BC-E100-4624-9D4A-29B2F55C8283}.Debug|x64.Build.0 = Debug|x64
		{ED8304BC-E100-4624-9D4A-29B2F55C8283}.Debug|x86.ActiveCfg = Debug|Win32
		{ED8304BC-E100-4624-9D4A-29B2F55C8283}.Debug|x86.Build.0 = Debug|Win32
		{ED8304BC-E100-4624-9D4A-29B2F55C8283}.Release|x64.ActiveCfg = Release|x64
		{ED8304BC-E100-4624-9D4A-29B2F55C8283}.Release|x64.Build.0 = Release|x64
		{ED8304BC-E100-4624-9D4A-29B2F55C8283}.Release|x86.ActiveCfg = Release|Win32
		{ED8304BC-E100-4624-9D4A-29B2F55C8283}.Release|x86.Build.0 = Release|Win32
		{02CEA56F-1A93-4F76-AF0A-E942778EBB10}.Debug|x64.ActiveCfg = Debug|x64
		{02CEA56F-1A93-4F76-AF0A-E942778EBB10}.Debug|x64.Build.0 = Debug|x64
		{02CEA56F-1A93-4F76-AF0A-E942778EBB10}.Debug|x86.ActiveCfg = Debug|Win32
		{02CEA56F-1A93-4F76-AF0A-E942778EBB10}.Debug|x86.Build.0 = Debug|Win32
		{02CEA56F-1A93-4F76-AF0A-E942778EBB10}.Release|x64.ActiveCfg = Release|x64
		{02CEA56F-1A93-4F76-AF0A-E942778EBB10}.Release|x64.Build.0 = Release|x64
		{02CEA56F-1A93-4F76-AF0A-E942778EBB10}.Release|x86.ActiveCfg = Release|Win32
		{02CEA56F-1A93-4F76-AF0A-E942778EBB10}.Release|x86.Build.0 = Release|Win32
		{0E4BBDC9-DC55-4E77-8CEF-B212B8AD7BD3}.Debug|x64.ActiveCfg = Debug|x64
		{0E4BBDC9-DC55-4E77-8CEF-B212B8AD7BD3}.Debug|x64.Build.0 = Debug|x64
		{0E4BBDC9-DC55-4E77-8CEF-B212B8AD7BD3}.Debug|x86.ActiveCfg = Debug|Win32
		{0E4BBDC9-DC55-4E77-8CEF-B212B8AD7BD3}.Debug|x86.Build.0 = Debug|Win32
		{0E4BBDC9-DC55-4E77-8CEF-B212B8AD7BD3}.Release|x64.ActiveCfg = Release|x64
		{0E4BBDC9-DC55-4E77-8CEF-B212B8AD7BD3}.Release|x64.Build.0 = Release|x64
		{0E4BBDC9-DC55-4E77-8CEF-B212B8AD7BD3}.Release|x86.ActiveCfg = Release|Win32
		{0E4BBDC9-DC55-4E77-8CEF-B212B8AD7BD3}.Release|x86.Build.0 = Release|Win32
		{D8880022-1245-4DBA-8C08-46A4241C0D32}.Debug|x64.ActiveCfg = Debug|x64
		{D8880022-1245-4DBA-8C08-46A4241C0D32}.Debug|x64.Build.0 = Debug|x64
		{D8880022-1245-4DBA-8C08-46A4241C0D32}.Debug|x86.ActiveCfg = Debug|Win32
		{D8880022-1245-4DBA-8C08-46A4241C0D32}.Debug|x86.Build.0 = Debug|Win32
		{D8880022-1245-4DBA-8C08-46A4241C0D32}.Release|x64.ActiveCfg = Release|x64
		{D8880022-1245-4DBA-8C08-46A4241C0D32}.Release|x64.Build.0 = Release|x64
		{D8880022-1245-4DBA-8C08-46A4241C0D32}.Release|x86.ActiveCfg = Release|Win32
		{D8880022-1245-4DBA-8C08-46A4241C0D32}.Release|x86.Build.0 = Release|Win32
		{E5C7F1B1-EA41-4CFC-BB37-151385B03C42}.Debug|x64.ActiveCfg = Debug|x64
		{E5C7F1B1-EA41-4CFC-BB37-151385B03C42}.Debug|x64.Build.0 = Debug|x64
		{E5C7F1B1-EA41-4CFC-BB37-151385B03C42}.Debug|x86.ActiveCfg = Debug|Win32
		{E5C7F1B1-EA41-4CFC-BB37-151385B03C42}.Debug|x86.Build.0 = Debug|Win32
		{E5C7F1B1-EA41-4CFC-BB37-151385B03C42}.Release|x64.ActiveCfg = Release|x64
		{E5C7F1B1-EA41-4CFC-BB37-151385B03C42}.Release|x64.Build.0 = Release|x64
		{E5C7F1B1-EA41-4CFC-BB37-151385B03C42}.Release|x86.ActiveCfg = Release|Win32
		{E5C7F1B1-EA41-4CFC-BB37-151385B03C42}.Release|x86.Build.0 = Release|Win32
		{F8EDADE2-D96B-4FE3-8186-29E76C508A40}.Debug|x64.ActiveCfg = Debug|x64
		{F8EDADE2-D96B-4FE3-8186-29E76C508A40}.Debug|x64.Build.0 = Debug|x64
		{F8EDADE2-D96B-4FE3-8186-29E76C508A40}.Debug|x86.ActiveCfg = Debug|Win32
		{F8EDADE2-D96B-4FE3-8186-29E76C508A40}.Debug|x86.Build.0 = Debug|Win32
		{F8EDADE2-D96B-4FE3-8186-29E76C508A40}.Release|x64.ActiveCfg = Release|x64
		{F8EDADE2-D96B-4FE3-8186-29E76C508A40}.Release|x64.Build.0 = Release|x64
		{F8EDADE2-D96B-4FE3-8186-29E76C508A40}.Release|x86.ActiveCfg = Release|Win32
		{F8EDADE2-D96B-4FE3-8186-29E76C508A40}.Release|x86.Build.0 = Release|Win32
		{28CC4426-FE38-48BB-A9D3-6D213ACCEF78}.Debug|x64.ActiveCfg = Debug|x64
		{28CC4426-FE38-48BB-A9D3-6D213ACCEF78}.Debug|x64.Build.0 = Debug|x64
		{28CC4426-FE38-48BB-A9D3-6D213ACCEF78}.Debug|x86.ActiveCfg = Debug|Win32
		{28CC4426-FE38-48BB-A9D3-6D213ACCEF78}.Debug|x86.Build.0 = Debug|Win32
		{28CC4426-FE38-48BB-A9D3-6D213ACCEF78}.Release|x64.ActiveCfg = Release|x64
		{28CC4426-FE38-48BB-A9D3-6D213ACCEF78}.Release|x64.Build.0 = Release|x64
		{28CC4426-FE38-48BB-A9D3-6D213ACCEF78}.Release|x86.ActiveCfg = Release|Win32
		{28CC4426-FE38-48BB-A9D3-6D213ACCEF78}.Release|x86.Build.0 = Release|Win32
		{2E1D7190-D047-4F7A-9E32-04F0F98853EB}.Debug|x64.ActiveCfg = Debug|x64
		{2E1D7190-D047-4F7A-9E32-04F0F98853EB}.Debug|x64.Build.0 = Debug|x64
		{2E1D7190-D047-4F7A-9E32-04F0F98853EB}.Debug|x86.ActiveCfg = Debug|Win32
		{2E1D7190-D047-4F7A-9E32-04F0F98853EB}.Debug|x86.Build.0 = Debug|Win32
		{2E1D7190-D047-4F7A-9E32-04F0F98853EB}.Release|x64.ActiveCfg = Release|x64
		{2E1D7190-D047-4F7A-9E32-04F0F98853EB}.Release|x64.Build.0 = Release|x64
		{2E1D7190-D047-4F7A-9E32-04F0F98853EB}.Release|x86.ActiveCfg = Release|Win32
		{2E1D7190-D047-4F7A-9E32-04F0F98853EB}.Release|x86.Build.0 = Release|Win32
	EndGlobalSection
	GlobalSection(SolutionProperties) = preSolution
		HideSolutionNode = FALSE
	EndGlobalSection
	GlobalSection(NestedProjects) = preSolution
		{F2B11B64-DE42-49AB-AEE2-20C367BDA6BA} = {3616B900-20BF-4467-90B8-92341ED2549D}
		{75D54B15-1BC2-44A9-A953-8FD180BF31F7} = {3616B900-20BF-4467-90B8-92341ED2549D}
		{BFEA8974-7A91-460F-AF4D-109085391069} = {3616B900-20BF-4467-90B8-92341ED2549D}
		{AED2F705-E85E-4E72-9A96-BD067CFB1403} = {3616B900-20BF-4467-90B8-92341ED2549D}
		{07B7D918-FBD7-4A96-B6A9-D603442FF706} = {0BCD1ECC-E21E-4EBD-AB76-9DFF5898A0B0}
		{2B179E7C-291F-4F90-B4CA-664E4570CE6B} = {0BCD1ECC-E21E-4EBD-AB76-9DFF5898A0B0}
		{4191C0E9-3CBE-473D-9FA5-EAA5D15418BC} = {0BCD1ECC-E21E-4EBD-AB76-9DFF5898A0B0}
		{222E2FF0-3AC3-4468-BAD3-071589261AAE} = {0BCD1ECC-E21E-4EBD-AB76-9DFF5898A0B0}
		{A1EA21EE-335C-4663-BD3F-6ADC87A2C82B} = {0BCD1ECC-E21E-4EBD-AB76-9DFF5898A0B0}
		{362C13F0-7B7A-4C46-8F99-7D8ED066AA2E} = {0BCD1ECC-E21E-4EBD-AB76-9DFF5898A0B0}
		{BEB76AFF-CA76-42B0-8F36-1F571A9110F7} = {0BCD1ECC-E21E-4EBD-AB76-9DFF5898A0B0}
		{06AF9CA1-9902-43D8-8C95-6A361270B9C5} = {0BCD1ECC-E21E-4EBD-AB76-9DFF5898A0B0}
		{C1B206DF-EDC8-40D4-9CB6-7A011CB8A516} = {0BCD1ECC-E21E-4EBD-AB76-9DFF5898A0B0}
		{AE243880-44ED-4A52-9D61-05C119825F08} = {0BCD1ECC-E21E-4EBD-AB76-9DFF5898A0B0}
		{B0C24C1F-2B7B-4A75-8BFD-348966A72C11} = {0BCD1ECC-E21E-4EBD-AB76-9DFF5898A0B0}
		{0B14C03F-AEAB-4380-8897-AF9F896B6FD4} = {0BCD1ECC-E21E-4EBD-AB76-9DFF5898A0B0}
		{F7992910-06DF-4424-96C7-95EEA4B2E538} = {3966A12F-0F6A-4518-972A-A7380B38180B}
		{B89672F7-2D23-431C-A3EB-EB78F95E49F8} = {3966A12F-0F6A-4518-972A-A7380B38180B}
		{50887751-ECE2-4115-9B19-01C1DA9EDE57} = {3966A12F-0F6A-4518-972A-A7380B38180B}
		{3B956BBC-0747-4AF5-8FB5-63D48814FF81} = {3966A12F-0F6A-4518-972A-A7380B38180B}
		{EF9FB577-181E-45E7-A604-2767B69E6082} = {3966A12F-0F6A-4518-972A-A7380B38180B}
		{F8BC179B-8257-4C6F-A9CA-E7D5962F6CD6} = {3966A12F-0F6A-4518-972A-A7380B38180B}
		{CB21C474-49AB-4C71-8E78-5DAC43752E47} = {3966A12F-0F6A-4518-972A-A7380B38180B}
		{ED8304BC-E100-4624-9D4A-29B2F55C8283} = {3966A12F-0F6A-4518-972A-A7380B38180B}
		{02CEA56F-1A93-4F76-AF0A-E942778EBB10} = {3966A12F-0F6A-4518-972A-A7380B38180B}
		{0E4BBDC9-DC55-4E77-8CEF-B212B8AD7BD3} = {3966A12F-0F6A-4518-972A-A7380B38180B}
		{D8880022-1245-4DBA-8C08-46A4241C0D32} = {3966A12F-0F6A-4518-972A-A7380B38180B}
		{E5C7F1B1-EA41-4CFC-BB37-151385B03C42} = {F99C5097-CA9E-4C7F-BB6C-7B1F682FDA29}
		{F8EDADE2-D96B-4FE3-8186-29E76C508A40} = {F99C5097-CA9E-4C7F-BB6C-7B1F682FDA29}
		{28CC4426-FE38-48BB-A9D3-6D213ACCEF78} = {F99C5097-CA9E-4C7F-BB6C-7B1F682FDA29}
		{2E1D7190-D047-4F7A-9E32-04F0F98853EB} = {F99C5097-CA9E-4C7F-BB6C-7B1F682FDA29}
	EndGlobalSection
	GlobalSection(ExtensibilityGlobals) = postSolution
		SolutionGuid = {F738866B-1F56-4D03-AB31-0CEE774A9CA7}
	EndGlobalSection
EndGlobal
