
Microsoft Visual Studio Solution File, Format Version 12.00
# Visual Studio Version 17
VisualStudioVersion = 17.7.34031.279
MinimumVisualStudioVersion = 10.0.40219.1
Project("{2150E333-8FDC-42A3-9474-1A3956D46DE8}") = "Task 1", "Task 1", "{105F4589-3633-45C3-8507-B16BDE4969F3}"
EndProject
Project("{2150E333-8FDC-42A3-9474-1A3956D46DE8}") = "Task 2", "Task 2", "{18EA1615-E196-4CE4-9C87-9B4B8121AD49}"
EndProject
Project("{8BC9CEB8-8B4A-11D0-8D11-00A0C91BC942}") = "Task 1.1", "Task 1\Task 1.1\Task 1.1.vcxproj", "{F2B11B64-DE42-49AB-AEE2-20C367BDA6BA}"
EndProject
Project("{8BC9CEB8-8B4A-11D0-8D11-00A0C91BC942}") = "Task 1.2", "Task 1\Task 1.2\Task 1.2.vcxproj", "{75D54B15-1BC2-44A9-A953-8FD180BF31F7}"
EndProject
Project("{8BC9CEB8-8B4A-11D0-8D11-00A0C91BC942}") = "Task 1.3", "Task 1\Task 1.3\Task 1.3.vcxproj", "{BFEA8974-7A91-460F-AF4D-109085391069}"
EndProject
Project("{8BC9CEB8-8B4A-11D0-8D11-00A0C91BC942}") = "Task 2.1.1", "Task 2\Task 2.1\Task 2.1.vcxproj", "{07B7D918-FBD7-4A96-B6A9-D603442FF706}"
EndProject
Project("{8BC9CEB8-8B4A-11D0-8D11-00A0C91BC942}") = "Ex 1.1", "Task 1\Ex 1.1\Ex 1.1.vcxproj", "{AED2F705-E85E-4E72-9A96-BD067CFB1403}"
EndProject
Project("{8BC9CEB8-8B4A-11D0-8D11-00A0C91BC942}") = "Task 2.1.2", "Task 2\Task 2.2\Task 2.2.vcxproj", "{2B179E7C-291F-4F90-B4CA-664E4570CE6B}"
EndProject
Project("{8BC9CEB8-8B4A-11D0-8D11-00A0C91BC942}") = "Task 2.2.1", "Task 2\Task 2.2.1\Task 2.2.1.vcxproj", "{4191C0E9-3CBE-473D-9FA5-EAA5D15418BC}"
EndProject
Project("{8BC9CEB8-8B4A-11D0-8D11-00A0C91BC942}") = "Task 2.2.2", "Task 2\Task 2.2.2\Task 2.2.2.vcxproj", "{222E2FF0-3AC3-4468-BAD3-071589261AAE}"
EndProject
Project("{8BC9CEB8-8B4A-11D0-8D11-00A0C91BC942}") = "Task 2.2.3", "Task 2\Task 2.2.3\Task 2.2.3.vcxproj", "{A1EA21EE-335C-4663-BD3F-6ADC87A2C82B}"
EndProject
Project("{8BC9CEB8-8B4A-11D0-8D11-00A0C91BC942}") = "Task 2.3", "Task 2\Task 2.3\Task 2.3.vcxproj", "{362C13F0-7B7A-4C46-8F99-7D8ED066AA2E}"
EndProject
Project("{8BC9CEB8-8B4A-11D0-8D11-00A0C91BC942}") = "Task 2.4", "Task 2\Task 2.4\Task 2.4.vcxproj", "{BEB76AFF-CA76-42B0-8F36-1F571A9110F7}"
EndProject
Project("{8BC9CEB8-8B4A-11D0-8D11-00A0C91BC942}") = "Ex 2.1", "Task 2\Ex 2.1\Ex 2.1.vcxproj", "{06AF9CA1-9902-43D8-8C95-6A361270B9C5}"
EndProject
Project("{8BC9CEB8-8B4A-11D0-8D11-00A0C91BC942}") = "Ex 2.2", "Task 2\Ex 2.2\Ex 2.2.vcxproj", "{C1B206DF-EDC8-40D4-9CB6-7A011CB8A516}"
EndProject
Project("{8BC9CEB8-8B4A-11D0-8D11-00A0C91BC942}") = "Ex 2.3", "Task 2\Ex 2.3\Ex 2.3.vcxproj", "{AE243880-44ED-4A52-9D61-05C119825F08}"
EndProject
Project("{8BC9CEB8-8B4A-11D0-8D11-00A0C91BC942}") = "Ex 2.4.1", "Task 2\Ex 2.4.1\Ex 2.4.1.vcxproj", "{B0C24C1F-2B7B-4A75-8BFD-348966A72C11}"
EndProject
Project("{8BC9CEB8-8B4A-11D0-8D11-00A0C91BC942}") = "Ex 2.4.2", "Task 2\Ex 2.4.2\Ex 2.4.2.vcxproj", "{0B14C03F-AEAB-4380-8897-AF9F896B6FD4}"
EndProject
Global
	GlobalSection(SolutionConfigurationPlatforms) = preSolution
		Debug|x64 = Debug|x64
		Debug|x86 = Debug|x86
		Release|x64 = Release|x64
		Release|x86 = Release|x86
	EndGlobalSection
	GlobalSection(ProjectConfigurationPlatforms) = postSolution
		{F2B11B64-DE42-49AB-AEE2-20C367BDA6BA}.Debug|x64.ActiveCfg = Debug|x64
		{F2B11B64-DE42-49AB-AEE2-20C367BDA6BA}.Debug|x64.Build.0 = Debug|x64
		{F2B11B64-DE42-49AB-AEE2-20C367BDA6BA}.Debug|x86.ActiveCfg = Debug|Win32
		{F2B11B64-DE42-49AB-AEE2-20C367BDA6BA}.Debug|x86.Build.0 = Debug|Win32
		{F2B11B64-DE42-49AB-AEE2-20C367BDA6BA}.Release|x64.ActiveCfg = Release|x64
		{F2B11B64-DE42-49AB-AEE2-20C367BDA6BA}.Release|x64.Build.0 = Release|x64
		{F2B11B64-DE42-49AB-AEE2-20C367BDA6BA}.Release|x86.ActiveCfg = Release|Win32
		{F2B11B64-DE42-49AB-AEE2-20C367BDA6BA}.Release|x86.Build.0 = Release|Win32
		{75D54B15-1BC2-44A9-A953-8FD180BF31F7}.Debug|x64.ActiveCfg = Debug|x64
		{75D54B15-1BC2-44A9-A953-8FD180BF31F7}.Debug|x64.Build.0 = Debug|x64
		{75D54B15-1BC2-44A9-A953-8FD180BF31F7}.Debug|x86.ActiveCfg = Debug|Win32
		{75D54B15-1BC2-44A9-A953-8FD180BF31F7}.Debug|x86.Build.0 = Debug|Win32
		{75D54B15-1BC2-44A9-A953-8FD180BF31F7}.Release|x64.ActiveCfg = Release|x64
		{75D54B15-1BC2-44A9-A953-8FD180BF31F7}.Release|x64.Build.0 = Release|x64
		{75D54B15-1BC2-44A9-A953-8FD180BF31F7}.Release|x86.ActiveCfg = Release|Win32
		{75D54B15-1BC2-44A9-A953-8FD180BF31F7}.Release|x86.Build.0 = Release|Win32
		{BFEA8974-7A91-460F-AF4D-109085391069}.Debug|x64.ActiveCfg = Debug|x64
		{BFEA8974-7A91-460F-AF4D-109085391069}.Debug|x64.Build.0 = Debug|x64
		{BFEA8974-7A91-460F-AF4D-109085391069}.Debug|x86.ActiveCfg = Debug|Win32
		{BFEA8974-7A91-460F-AF4D-109085391069}.Debug|x86.Build.0 = Debug|Win32
		{BFEA8974-7A91-460F-AF4D-109085391069}.Release|x64.ActiveCfg = Release|x64
		{BFEA8974-7A91-460F-AF4D-109085391069}.Release|x64.Build.0 = Release|x64
		{BFEA8974-7A91-460F-AF4D-109085391069}.Release|x86.ActiveCfg = Release|Win32
		{BFEA8974-7A91-460F-AF4D-109085391069}.Release|x86.Build.0 = Release|Win32
		{07B7D918-FBD7-4A96-B6A9-D603442FF706}.Debug|x64.ActiveCfg = Debug|x64
		{07B7D918-FBD7-4A96-B6A9-D603442FF706}.Debug|x64.Build.0 = Debug|x64
		{07B7D918-FBD7-4A96-B6A9-D603442FF706}.Debug|x86.ActiveCfg = Debug|Win32
		{07B7D918-FBD7-4A96-B6A9-D603442FF706}.Debug|x86.Build.0 = Debug|Win32
		{07B7D918-FBD7-4A96-B6A9-D603442FF706}.Release|x64.ActiveCfg = Release|x64
		{07B7D918-FBD7-4A96-B6A9-D603442FF706}.Release|x64.Build.0 = Release|x64
		{07B7D918-FBD7-4A96-B6A9-D603442FF706}.Release|x86.ActiveCfg = Release|Win32
		{07B7D918-FBD7-4A96-B6A9-D603442FF706}.Release|x86.Build.0 = Release|Win32
		{AED2F705-E85E-4E72-9A96-BD067CFB1403}.Debug|x64.ActiveCfg = Debug|x64
		{AED2F705-E85E-4E72-9A96-BD067CFB1403}.Debug|x64.Build.0 = Debug|x64
		{AED2F705-E85E-4E72-9A96-BD067CFB1403}.Debug|x86.ActiveCfg = Debug|Win32
		{AED2F705-E85E-4E72-9A96-BD067CFB1403}.Debug|x86.Build.0 = Debug|Win32
		{AED2F705-E85E-4E72-9A96-BD067CFB1403}.Release|x64.ActiveCfg = Release|x64
		{AED2F705-E85E-4E72-9A96-BD067CFB1403}.Release|x64.Build.0 = Release|x64
		{AED2F705-E85E-4E72-9A96-BD067CFB1403}.Release|x86.ActiveCfg = Release|Win32
		{AED2F705-E85E-4E72-9A96-BD067CFB1403}.Release|x86.Build.0 = Release|Win32
		{2B179E7C-291F-4F90-B4CA-664E4570CE6B}.Debug|x64.ActiveCfg = Debug|x64
		{2B179E7C-291F-4F90-B4CA-664E4570CE6B}.Debug|x64.Build.0 = Debug|x64
		{2B179E7C-291F-4F90-B4CA-664E4570CE6B}.Debug|x86.ActiveCfg = Debug|Win32
		{2B179E7C-291F-4F90-B4CA-664E4570CE6B}.Debug|x86.Build.0 = Debug|Win32
		{2B179E7C-291F-4F90-B4CA-664E4570CE6B}.Release|x64.ActiveCfg = Release|x64
		{2B179E7C-291F-4F90-B4CA-664E4570CE6B}.Release|x64.Build.0 = Release|x64
		{2B179E7C-291F-4F90-B4CA-664E4570CE6B}.Release|x86.ActiveCfg = Release|Win32
		{2B179E7C-291F-4F90-B4CA-664E4570CE6B}.Release|x86.Build.0 = Release|Win32
		{4191C0E9-3CBE-473D-9FA5-EAA5D15418BC}.Debug|x64.ActiveCfg = Debug|x64
		{4191C0E9-3CBE-473D-9FA5-EAA5D15418BC}.Debug|x64.Build.0 = Debug|x64
		{4191C0E9-3CBE-473D-9FA5-EAA5D15418BC}.Debug|x86.ActiveCfg = Debug|Win32
		{4191C0E9-3CBE-473D-9FA5-EAA5D15418BC}.Debug|x86.Build.0 = Debug|Win32
		{4191C0E9-3CBE-473D-9FA5-EAA5D15418BC}.Release|x64.ActiveCfg = Release|x64
		{4191C0E9-3CBE-473D-9FA5-EAA5D15418BC}.Release|x64.Build.0 = Release|x64
		{4191C0E9-3CBE-473D-9FA5-EAA5D15418BC}.Release|x86.ActiveCfg = Release|Win32
		{4191C0E9-3CBE-473D-9FA5-EAA5D15418BC}.Release|x86.Build.0 = Release|Win32
		{222E2FF0-3AC3-4468-BAD3-071589261AAE}.Debug|x64.ActiveCfg = Debug|x64
		{222E2FF0-3AC3-4468-BAD3-071589261AAE}.Debug|x64.Build.0 = Debug|x64
		{222E2FF0-3AC3-4468-BAD3-071589261AAE}.Debug|x86.ActiveCfg = Debug|Win32
		{222E2FF0-3AC3-4468-BAD3-071589261AAE}.Debug|x86.Build.0 = Debug|Win32
		{222E2FF0-3AC3-4468-BAD3-071589261AAE}.Release|x64.ActiveCfg = Release|x64
		{222E2FF0-3AC3-4468-BAD3-071589261AAE}.Release|x64.Build.0 = Release|x64
		{222E2FF0-3AC3-4468-BAD3-071589261AAE}.Release|x86.ActiveCfg = Release|Win32
		{222E2FF0-3AC3-4468-BAD3-071589261AAE}.Release|x86.Build.0 = Release|Win32
		{A1EA21EE-335C-4663-BD3F-6ADC87A2C82B}.Debug|x64.ActiveCfg = Debug|x64
		{A1EA21EE-335C-4663-BD3F-6ADC87A2C82B}.Debug|x64.Build.0 = Debug|x64
		{A1EA21EE-335C-4663-BD3F-6ADC87A2C82B}.Debug|x86.ActiveCfg = Debug|Win32
		{A1EA21EE-335C-4663-BD3F-6ADC87A2C82B}.Debug|x86.Build.0 = Debug|Win32
		{A1EA21EE-335C-4663-BD3F-6ADC87A2C82B}.Release|x64.ActiveCfg = Release|x64
		{A1EA21EE-335C-4663-BD3F-6ADC87A2C82B}.Release|x64.Build.0 = Release|x64
		{A1EA21EE-335C-4663-BD3F-6ADC87A2C82B}.Release|x86.ActiveCfg = Release|Win32
		{A1EA21EE-335C-4663-BD3F-6ADC87A2C82B}.Release|x86.Build.0 = Release|Win32
		{362C13F0-7B7A-4C46-8F99-7D8ED066AA2E}.Debug|x64.ActiveCfg = Debug|x64
		{362C13F0-7B7A-4C46-8F99-7D8ED066AA2E}.Debug|x64.Build.0 = Debug|x64
		{362C13F0-7B7A-4C46-8F99-7D8ED066AA2E}.Debug|x86.ActiveCfg = Debug|Win32
		{362C13F0-7B7A-4C46-8F99-7D8ED066AA2E}.Debug|x86.Build.0 = Debug|Win32
		{362C13F0-7B7A-4C46-8F99-7D8ED066AA2E}.Release|x64.ActiveCfg = Release|x64
		{362C13F0-7B7A-4C46-8F99-7D8ED066AA2E}.Release|x64.Build.0 = Release|x64
		{362C13F0-7B7A-4C46-8F99-7D8ED066AA2E}.Release|x86.ActiveCfg = Release|Win32
		{362C13F0-7B7A-4C46-8F99-7D8ED066AA2E}.Release|x86.Build.0 = Release|Win32
		{BEB76AFF-CA76-42B0-8F36-1F571A9110F7}.Debug|x64.ActiveCfg = Debug|x64
		{BEB76AFF-CA76-42B0-8F36-1F571A9110F7}.Debug|x64.Build.0 = Debug|x64
		{BEB76AFF-CA76-42B0-8F36-1F571A9110F7}.Debug|x86.ActiveCfg = Debug|Win32
		{BEB76AFF-CA76-42B0-8F36-1F571A9110F7}.Debug|x86.Build.0 = Debug|Win32
		{BEB76AFF-CA76-42B0-8F36-1F571A9110F7}.Release|x64.ActiveCfg = Release|x64
		{BEB76AFF-CA76-42B0-8F36-1F571A9110F7}.Release|x64.Build.0 = Release|x64
		{BEB76AFF-CA76-42B0-8F36-1F571A9110F7}.Release|x86.ActiveCfg = Release|Win32
		{BEB76AFF-CA76-42B0-8F36-1F571A9110F7}.Release|x86.Build.0 = Release|Win32
		{06AF9CA1-9902-43D8-8C95-6A361270B9C5}.Debug|x64.ActiveCfg = Debug|x64
		{06AF9CA1-9902-43D8-8C95-6A361270B9C5}.Debug|x64.Build.0 = Debug|x64
		{06AF9CA1-9902-43D8-8C95-6A361270B9C5}.Debug|x86.ActiveCfg = Debug|Win32
		{06AF9CA1-9902-43D8-8C95-6A361270B9C5}.Debug|x86.Build.0 = Debug|Win32
		{06AF9CA1-9902-43D8-8C95-6A361270B9C5}.Release|x64.ActiveCfg = Release|x64
		{06AF9CA1-9902-43D8-8C95-6A361270B9C5}.Release|x64.Build.0 = Release|x64
		{06AF9CA1-9902-43D8-8C95-6A361270B9C5}.Release|x86.ActiveCfg = Release|Win32
		{06AF9CA1-9902-43D8-8C95-6A361270B9C5}.Release|x86.Build.0 = Release|Win32
		{C1B206DF-EDC8-40D4-9CB6-7A011CB8A516}.Debug|x64.ActiveCfg = Debug|x64
		{C1B206DF-EDC8-40D4-9CB6-7A011CB8A516}.Debug|x64.Build.0 = Debug|x64
		{C1B206DF-EDC8-40D4-9CB6-7A011CB8A516}.Debug|x86.ActiveCfg = Debug|Win32
		{C1B206DF-EDC8-40D4-9CB6-7A011CB8A516}.Debug|x86.Build.0 = Debug|Win32
		{C1B206DF-EDC8-40D4-9CB6-7A011CB8A516}.Release|x64.ActiveCfg = Release|x64
		{C1B206DF-EDC8-40D4-9CB6-7A011CB8A516}.Release|x64.Build.0 = Release|x64
		{C1B206DF-EDC8-40D4-9CB6-7A011CB8A516}.Release|x86.ActiveCfg = Release|Win32
		{C1B206DF-EDC8-40D4-9CB6-7A011CB8A516}.Release|x86.Build.0 = Release|Win32
		{AE243880-44ED-4A52-9D61-05C119825F08}.Debug|x64.ActiveCfg = Debug|x64
		{AE243880-44ED-4A52-9D61-05C119825F08}.Debug|x64.Build.0 = Debug|x64
		{AE243880-44ED-4A52-9D61-05C119825F08}.Debug|x86.ActiveCfg = Debug|Win32
		{AE243880-44ED-4A52-9D61-05C119825F08}.Debug|x86.Build.0 = Debug|Win32
		{AE243880-44ED-4A52-9D61-05C119825F08}.Release|x64.ActiveCfg = Release|x64
		{AE243880-44ED-4A52-9D61-05C119825F08}.Release|x64.Build.0 = Release|x64
		{AE243880-44ED-4A52-9D61-05C119825F08}.Release|x86.ActiveCfg = Release|Win32
		{AE243880-44ED-4A52-9D61-05C119825F08}.Release|x86.Build.0 = Release|Win32
		{B0C24C1F-2B7B-4A75-8BFD-348966A72C11}.Debug|x64.ActiveCfg = Debug|x64
		{B0C24C1F-2B7B-4A75-8BFD-348966A72C11}.Debug|x64.Build.0 = Debug|x64
		{B0C24C1F-2B7B-4A75-8BFD-348966A72C11}.Debug|x86.ActiveCfg = Debug|Win32
		{B0C24C1F-2B7B-4A75-8BFD-348966A72C11}.Debug|x86.Build.0 = Debug|Win32
		{B0C24C1F-2B7B-4A75-8BFD-348966A72C11}.Release|x64.ActiveCfg = Release|x64
		{B0C24C1F-2B7B-4A75-8BFD-348966A72C11}.Release|x64.Build.0 = Release|x64
		{B0C24C1F-2B7B-4A75-8BFD-348966A72C11}.Release|x86.ActiveCfg = Release|Win32
		{B0C24C1F-2B7B-4A75-8BFD-348966A72C11}.Release|x86.Build.0 = Release|Win32
		{0B14C03F-AEAB-4380-8897-AF9F896B6FD4}.Debug|x64.ActiveCfg = Debug|x64
		{0B14C03F-AEAB-4380-8897-AF9F896B6FD4}.Debug|x64.Build.0 = Debug|x64
		{0B14C03F-AEAB-4380-8897-AF9F896B6FD4}.Debug|x86.ActiveCfg = Debug|Win32
		{0B14C03F-AEAB-4380-8897-AF9F896B6FD4}.Debug|x86.Build.0 = Debug|Win32
		{0B14C03F-AEAB-4380-8897-AF9F896B6FD4}.Release|x64.ActiveCfg = Release|x64
		{0B14C03F-AEAB-4380-8897-AF9F896B6FD4}.Release|x64.Build.0 = Release|x64
		{0B14C03F-AEAB-4380-8897-AF9F896B6FD4}.Release|x86.ActiveCfg = Release|Win32
		{0B14C03F-AEAB-4380-8897-AF9F896B6FD4}.Release|x86.Build.0 = Release|Win32
	EndGlobalSection
	GlobalSection(SolutionProperties) = preSolution
		HideSolutionNode = FALSE
	EndGlobalSection
	GlobalSection(NestedProjects) = preSolution
		{F2B11B64-DE42-49AB-AEE2-20C367BDA6BA} = {105F4589-3633-45C3-8507-B16BDE4969F3}
		{75D54B15-1BC2-44A9-A953-8FD180BF31F7} = {105F4589-3633-45C3-8507-B16BDE4969F3}
		{BFEA8974-7A91-460F-AF4D-109085391069} = {105F4589-3633-45C3-8507-B16BDE4969F3}
		{07B7D918-FBD7-4A96-B6A9-D603442FF706} = {18EA1615-E196-4CE4-9C87-9B4B8121AD49}
		{AED2F705-E85E-4E72-9A96-BD067CFB1403} = {105F4589-3633-45C3-8507-B16BDE4969F3}
		{2B179E7C-291F-4F90-B4CA-664E4570CE6B} = {18EA1615-E196-4CE4-9C87-9B4B8121AD49}
		{4191C0E9-3CBE-473D-9FA5-EAA5D15418BC} = {18EA1615-E196-4CE4-9C87-9B4B8121AD49}
		{222E2FF0-3AC3-4468-BAD3-071589261AAE} = {18EA1615-E196-4CE4-9C87-9B4B8121AD49}
		{A1EA21EE-335C-4663-BD3F-6ADC87A2C82B} = {18EA1615-E196-4CE4-9C87-9B4B8121AD49}
		{362C13F0-7B7A-4C46-8F99-7D8ED066AA2E} = {18EA1615-E196-4CE4-9C87-9B4B8121AD49}
		{BEB76AFF-CA76-42B0-8F36-1F571A9110F7} = {18EA1615-E196-4CE4-9C87-9B4B8121AD49}
		{06AF9CA1-9902-43D8-8C95-6A361270B9C5} = {18EA1615-E196-4CE4-9C87-9B4B8121AD49}
		{C1B206DF-EDC8-40D4-9CB6-7A011CB8A516} = {18EA1615-E196-4CE4-9C87-9B4B8121AD49}
		{AE243880-44ED-4A52-9D61-05C119825F08} = {18EA1615-E196-4CE4-9C87-9B4B8121AD49}
		{B0C24C1F-2B7B-4A75-8BFD-348966A72C11} = {18EA1615-E196-4CE4-9C87-9B4B8121AD49}
		{0B14C03F-AEAB-4380-8897-AF9F896B6FD4} = {18EA1615-E196-4CE4-9C87-9B4B8121AD49}
	EndGlobalSection
	GlobalSection(ExtensibilityGlobals) = postSolution
		SolutionGuid = {F738866B-1F56-4D03-AB31-0CEE774A9CA7}
	EndGlobalSection
EndGlobal
